PODS:
  - CoreBluetoothMock (0.17.0)
  - NordicWiFiProvisioner-BLE (2.0.0):
    - CoreBluetoothMock
    - SwiftProtobuf
  - NordicWiFiProvisioner-SoftAP (2.0.0):
    - SwiftProtobuf
  - SwiftProtobuf (1.25.2)

DEPENDENCIES:
  - NordicWiFiProvisioner-BLE (from `../`)
  - NordicWiFiProvisioner-SoftAP (from `../`)

SPEC REPOS:
  trunk:
    - CoreBluetoothMock
    - SwiftProtobuf

EXTERNAL SOURCES:
  NordicWiFiProvisioner-BLE:
    :path: "../"
  NordicWiFiProvisioner-SoftAP:
    :path: "../"

SPEC CHECKSUMS:
  CoreBluetoothMock: a57a2b19d47cea663e34c3d8e62a5ecba37b0a3e
  NordicWiFiProvisioner-BLE: d0bc3d94fe4fb80b4ee4723f112d4424378299f7
  NordicWiFiProvisioner-SoftAP: 017db04aa368b83a15f0e0bc3097e125257ab3f7
  SwiftProtobuf: 407a385e97fd206c4fbe880cc84123989167e0d1

PODFILE CHECKSUM: 06422da9520be2c182c9f3d6050dee4934a9bc66

COCOAPODS: 1.15.2
