{
  "originHash" : "8613aa7fbfcd2cbac3792f17bf591698d3419feda089cc20aac29ede964307f6",
  "pins" : [
    {
      "identity" : "ios-common-libraries",
      "kind" : "remoteSourceControl",
      "location" : "https://github.com/NordicPlayground/IOS-Common-Libraries",
      "state" : {
        "branch" : "main",
        "revision" : "7fba417198e23b0acb26107bc13205a4d6b9f812"
      }
    },
    {
      "identity" : "swift-cmark",
      "kind" : "remoteSourceControl",
      "location" : "https://github.com/apple/swift-cmark.git",
      "state" : {
        "branch" : "gfm",
        "revision" : "2c47322cb32cbed555f13bf5cbfaa488cc30a785"
      }
    },
    {
      "identity" : "swift-markdown",
      "kind" : "remoteSourceControl",
      "location" : "https://github.com/apple/swift-markdown.git",
      "state" : {
        "branch" : "main",
        "revision" : "907674c2ae2d24c32fba50101821b1a7fdd291e2"
      }
    }
  ],
  "version" : 3
}
