// !$*UTF8*$!
{
	archiveVersion = 1;
	classes = {
	};
	objectVersion = 55;
	objects = {

/* Begin PBXBuildFile section */
		011A2613287CAF890004A5C4 /* BluetoothManager.swift in Sources */ = {isa = PBXBuildFile; fileRef = 011A2612287CAF890004A5C4 /* BluetoothManager.swift */; };
		011A2614287CAF890004A5C4 /* BluetoothManager.swift in Sources */ = {isa = PBXBuildFile; fileRef = 011A2612287CAF890004A5C4 /* BluetoothManager.swift */; };
		0144816228A4616F00907C3F /* AsyncBluetooth in Frameworks */ = {isa = PBXBuildFile; productRef = 0144816128A4616F00907C3F /* AsyncBluetooth */; };
		0144816428A4626600907C3F /* ScanData+Hash.swift in Sources */ = {isa = PBXBuildFile; fileRef = 0144816328A4626600907C3F /* ScanData+Hash.swift */; };
		0144816528A4626600907C3F /* ScanData+Hash.swift in Sources */ = {isa = PBXBuildFile; fileRef = 0144816328A4626600907C3F /* ScanData+Hash.swift */; };
		01481AAB2852093000925FAB /* Tests_iOS.swift in Sources */ = {isa = PBXBuildFile; fileRef = 01481AAA2852093000925FAB /* Tests_iOS.swift */; };
		01481AAD2852093000925FAB /* Tests_iOSLaunchTests.swift in Sources */ = {isa = PBXBuildFile; fileRef = 01481AAC2852093000925FAB /* Tests_iOSLaunchTests.swift */; };
		01481AB72852093000925FAB /* Tests_macOS.swift in Sources */ = {isa = PBXBuildFile; fileRef = 01481AB62852093000925FAB /* Tests_macOS.swift */; };
		01481AB92852093000925FAB /* Tests_macOSLaunchTests.swift in Sources */ = {isa = PBXBuildFile; fileRef = 01481AB82852093000925FAB /* Tests_macOSLaunchTests.swift */; };
		01481ABA2852093000925FAB /* nRF_Wi_Fi_ProvisionerApp.swift in Sources */ = {isa = PBXBuildFile; fileRef = 01481A922852092F00925FAB /* nRF_Wi_Fi_ProvisionerApp.swift */; };
		01481ABB2852093000925FAB /* nRF_Wi_Fi_ProvisionerApp.swift in Sources */ = {isa = PBXBuildFile; fileRef = 01481A922852092F00925FAB /* nRF_Wi_Fi_ProvisionerApp.swift */; };
		01481ABC2852093000925FAB /* ContentView.swift in Sources */ = {isa = PBXBuildFile; fileRef = 01481A932852092F00925FAB /* ContentView.swift */; };
		01481ABD2852093000925FAB /* ContentView.swift in Sources */ = {isa = PBXBuildFile; fileRef = 01481A932852092F00925FAB /* ContentView.swift */; };
		01481ABE2852093000925FAB /* Assets.xcassets in Resources */ = {isa = PBXBuildFile; fileRef = 01481A942852093000925FAB /* Assets.xcassets */; };
		01481ABF2852093000925FAB /* Assets.xcassets in Resources */ = {isa = PBXBuildFile; fileRef = 01481A942852093000925FAB /* Assets.xcassets */; };
		015845CC288FD5A900C7E4B7 /* AccessPointList.swift in Sources */ = {isa = PBXBuildFile; fileRef = 015845CB288FD5A900C7E4B7 /* AccessPointList.swift */; };
		015845CD288FD5A900C7E4B7 /* AccessPointList.swift in Sources */ = {isa = PBXBuildFile; fileRef = 015845CB288FD5A900C7E4B7 /* AccessPointList.swift */; };
		015D60A32875A1530048F065 /* ScannerView.swift in Sources */ = {isa = PBXBuildFile; fileRef = 015D60A22875A1530048F065 /* ScannerView.swift */; };
		015D60A42875A1530048F065 /* ScannerView.swift in Sources */ = {isa = PBXBuildFile; fileRef = 015D60A22875A1530048F065 /* ScannerView.swift */; };
		0168261A287F16CD0040C97E /* Array+Ext.swift in Sources */ = {isa = PBXBuildFile; fileRef = 01682619287F16CD0040C97E /* Array+Ext.swift */; };
		0168261B287F16CD0040C97E /* Array+Ext.swift in Sources */ = {isa = PBXBuildFile; fileRef = 01682619287F16CD0040C97E /* Array+Ext.swift */; };
		0183EFC92897C196002E79A5 /* Status.swift in Sources */ = {isa = PBXBuildFile; fileRef = 0183EFC82897C196002E79A5 /* Status.swift */; };
		0183EFCA2897C196002E79A5 /* Status.swift in Sources */ = {isa = PBXBuildFile; fileRef = 0183EFC82897C196002E79A5 /* Status.swift */; };
		0183EFCD2897C446002E79A5 /* ReversedLabel.swift in Sources */ = {isa = PBXBuildFile; fileRef = 0183EFCC2897C446002E79A5 /* ReversedLabel.swift */; };
		0183EFCE2897C446002E79A5 /* ReversedLabel.swift in Sources */ = {isa = PBXBuildFile; fileRef = 0183EFCC2897C446002E79A5 /* ReversedLabel.swift */; };
		01922CBD28A2713100492E87 /* NavigationView.swift in Sources */ = {isa = PBXBuildFile; fileRef = 01922CBC28A2713100492E87 /* NavigationView.swift */; };
		01922CBE28A2713100492E87 /* NavigationView.swift in Sources */ = {isa = PBXBuildFile; fileRef = 01922CBC28A2713100492E87 /* NavigationView.swift */; };
		01922CC028A2A48300492E87 /* Label+Ext.swift in Sources */ = {isa = PBXBuildFile; fileRef = 01922CBF28A2A48300492E87 /* Label+Ext.swift */; };
		01922CC128A2A48300492E87 /* Label+Ext.swift in Sources */ = {isa = PBXBuildFile; fileRef = 01922CBF28A2A48300492E87 /* Label+Ext.swift */; };
		019262E4288039F100A69D04 /* Counter.swift in Sources */ = {isa = PBXBuildFile; fileRef = 019262E3288039F100A69D04 /* Counter.swift */; };
		019262E5288039F100A69D04 /* Counter.swift in Sources */ = {isa = PBXBuildFile; fileRef = 019262E3288039F100A69D04 /* Counter.swift */; };
		019DCE25288553E700E16E9F /* CGRect+Ext.swift in Sources */ = {isa = PBXBuildFile; fileRef = 019DCE24288553E700E16E9F /* CGRect+Ext.swift */; };
		019DCE26288553E700E16E9F /* CGRect+Ext.swift in Sources */ = {isa = PBXBuildFile; fileRef = 019DCE24288553E700E16E9F /* CGRect+Ext.swift */; };
		019DCE292885A15100E16E9F /* FilterList.swift in Sources */ = {isa = PBXBuildFile; fileRef = 019DCE282885A15100E16E9F /* FilterList.swift */; };
		019DCE2A2885A15100E16E9F /* FilterList.swift in Sources */ = {isa = PBXBuildFile; fileRef = 019DCE282885A15100E16E9F /* FilterList.swift */; };
		01A0C289288853EB000AA135 /* NordicStyle in Frameworks */ = {isa = PBXBuildFile; productRef = 01A0C288288853EB000AA135 /* NordicStyle */; };
		01A0C28B288853F2000AA135 /* NordicStyle in Frameworks */ = {isa = PBXBuildFile; productRef = 01A0C28A288853F2000AA135 /* NordicStyle */; };
		01A0C29528896343000AA135 /* DeviceViewModelFactory.swift in Sources */ = {isa = PBXBuildFile; fileRef = 01A0C29428896343000AA135 /* DeviceViewModelFactory.swift */; };
		01A0C29628896343000AA135 /* DeviceViewModelFactory.swift in Sources */ = {isa = PBXBuildFile; fileRef = 01A0C29428896343000AA135 /* DeviceViewModelFactory.swift */; };
		01A43DEB2886FECB0025A5C4 /* DeviceView.swift in Sources */ = {isa = PBXBuildFile; fileRef = 01A43DEA2886FECB0025A5C4 /* DeviceView.swift */; };
		01A43DEC2886FECB0025A5C4 /* DeviceView.swift in Sources */ = {isa = PBXBuildFile; fileRef = 01A43DEA2886FECB0025A5C4 /* DeviceView.swift */; };
		01A43DEE2886FED80025A5C4 /* DeviceViewModel.swift in Sources */ = {isa = PBXBuildFile; fileRef = 01A43DED2886FED80025A5C4 /* DeviceViewModel.swift */; };
		01A43DEF2886FED80025A5C4 /* DeviceViewModel.swift in Sources */ = {isa = PBXBuildFile; fileRef = 01A43DED2886FED80025A5C4 /* DeviceViewModel.swift */; };
		01C0F0FA287DE864008BBE46 /* ScannerViewModel.swift in Sources */ = {isa = PBXBuildFile; fileRef = 01C0F0F9287DE864008BBE46 /* ScannerViewModel.swift */; };
		01C0F0FB287DE864008BBE46 /* ScannerViewModel.swift in Sources */ = {isa = PBXBuildFile; fileRef = 01C0F0F9287DE864008BBE46 /* ScannerViewModel.swift */; };
		01C0F0FD287DE926008BBE46 /* ScanResult.swift in Sources */ = {isa = PBXBuildFile; fileRef = 01C0F0FC287DE926008BBE46 /* ScanResult.swift */; };
		01C0F0FE287DE926008BBE46 /* ScanResult.swift in Sources */ = {isa = PBXBuildFile; fileRef = 01C0F0FC287DE926008BBE46 /* ScanResult.swift */; };
		01D26B56286DA3D400FD069D /* Localizable.strings in Resources */ = {isa = PBXBuildFile; fileRef = 01D26B55286DA3D400FD069D /* Localizable.strings */; };
		01D26B57286DA3D400FD069D /* Localizable.strings in Resources */ = {isa = PBXBuildFile; fileRef = 01D26B55286DA3D400FD069D /* Localizable.strings */; };
		01D26B5B286DAE9800FD069D /* LocalizationKey.swift in Sources */ = {isa = PBXBuildFile; fileRef = 01D26B5A286DAE9800FD069D /* LocalizationKey.swift */; };
		01D26B5C286DAE9800FD069D /* LocalizationKey.swift in Sources */ = {isa = PBXBuildFile; fileRef = 01D26B5A286DAE9800FD069D /* LocalizationKey.swift */; };
		01FA5912288713860008AF88 /* ReadableError.swift in Sources */ = {isa = PBXBuildFile; fileRef = 01FA5911288713860008AF88 /* ReadableError.swift */; };
		01FA5913288713860008AF88 /* ReadableError.swift in Sources */ = {isa = PBXBuildFile; fileRef = 01FA5911288713860008AF88 /* ReadableError.swift */; };
		01FA5915288809220008AF88 /* Provisioner in Frameworks */ = {isa = PBXBuildFile; productRef = 01FA5914288809220008AF88 /* Provisioner */; };
		01FA5917288809390008AF88 /* Provisioner in Frameworks */ = {isa = PBXBuildFile; productRef = 01FA5916288809390008AF88 /* Provisioner */; };
		3397680D2FE5FBB193E7A5EE /* BluetoothRSSI.swift in Sources */ = {isa = PBXBuildFile; fileRef = 339762F1507DAF6B903DF4D1 /* BluetoothRSSI.swift */; };
		3397689B2FD60C49322F3E29 /* WiFiRSSI.swift in Sources */ = {isa = PBXBuildFile; fileRef = 33976EF9849513130301C930 /* WiFiRSSI.swift */; };
		339768F56D7C8EC8A0DD8B25 /* WiFiStatus+Ext.swift in Sources */ = {isa = PBXBuildFile; fileRef = 33976AAF8A53D43BC33F0ED9 /* WiFiStatus+Ext.swift */; };
		33976B5960D8927917CD726E /* WiFiStatus+Ext.swift in Sources */ = {isa = PBXBuildFile; fileRef = 33976AAF8A53D43BC33F0ED9 /* WiFiStatus+Ext.swift */; };
		33976EBA0FF55A009B0C55ED /* WiFiRSSI.swift in Sources */ = {isa = PBXBuildFile; fileRef = 33976EF9849513130301C930 /* WiFiRSSI.swift */; };
		33976EFC0D92E4D7C58060E1 /* BluetoothRSSI.swift in Sources */ = {isa = PBXBuildFile; fileRef = 339762F1507DAF6B903DF4D1 /* BluetoothRSSI.swift */; };
/* End PBXBuildFile section */

/* Begin PBXContainerItemProxy section */
		01481AA72852093000925FAB /* PBXContainerItemProxy */ = {
			isa = PBXContainerItemProxy;
			containerPortal = 01481A8D2852092F00925FAB /* Project object */;
			proxyType = 1;
			remoteGlobalIDString = 01481A982852093000925FAB;
			remoteInfo = "nRF-Wi-Fi-Provisioner (iOS)";
		};
		01481AB32852093000925FAB /* PBXContainerItemProxy */ = {
			isa = PBXContainerItemProxy;
			containerPortal = 01481A8D2852092F00925FAB /* Project object */;
			proxyType = 1;
			remoteGlobalIDString = 01481A9E2852093000925FAB;
			remoteInfo = "nRF-Wi-Fi-Provisioner (macOS)";
		};
/* End PBXContainerItemProxy section */

/* Begin PBXFileReference section */
		011A2612287CAF890004A5C4 /* BluetoothManager.swift */ = {isa = PBXFileReference; lastKnownFileType = sourcecode.swift; path = BluetoothManager.swift; sourceTree = "<group>"; };
		0144816328A4626600907C3F /* ScanData+Hash.swift */ = {isa = PBXFileReference; lastKnownFileType = sourcecode.swift; path = "ScanData+Hash.swift"; sourceTree = "<group>"; };
		01481A922852092F00925FAB /* nRF_Wi_Fi_ProvisionerApp.swift */ = {isa = PBXFileReference; lastKnownFileType = sourcecode.swift; path = nRF_Wi_Fi_ProvisionerApp.swift; sourceTree = "<group>"; };
		01481A932852092F00925FAB /* ContentView.swift */ = {isa = PBXFileReference; lastKnownFileType = sourcecode.swift; path = ContentView.swift; sourceTree = "<group>"; };
		01481A942852093000925FAB /* Assets.xcassets */ = {isa = PBXFileReference; lastKnownFileType = folder.assetcatalog; path = Assets.xcassets; sourceTree = "<group>"; };
		01481A992852093000925FAB /* nRF-Wi-Fi-Provisioner.app */ = {isa = PBXFileReference; explicitFileType = wrapper.application; includeInIndex = 0; path = "nRF-Wi-Fi-Provisioner.app"; sourceTree = BUILT_PRODUCTS_DIR; };
		01481A9F2852093000925FAB /* nRF-Wi-Fi-Provisioner.app */ = {isa = PBXFileReference; explicitFileType = wrapper.application; includeInIndex = 0; path = "nRF-Wi-Fi-Provisioner.app"; sourceTree = BUILT_PRODUCTS_DIR; };
		01481AA12852093000925FAB /* macOS.entitlements */ = {isa = PBXFileReference; lastKnownFileType = text.plist.entitlements; path = macOS.entitlements; sourceTree = "<group>"; };
		01481AA62852093000925FAB /* Tests iOS.xctest */ = {isa = PBXFileReference; explicitFileType = wrapper.cfbundle; includeInIndex = 0; path = "Tests iOS.xctest"; sourceTree = BUILT_PRODUCTS_DIR; };
		01481AAA2852093000925FAB /* Tests_iOS.swift */ = {isa = PBXFileReference; lastKnownFileType = sourcecode.swift; path = Tests_iOS.swift; sourceTree = "<group>"; };
		01481AAC2852093000925FAB /* Tests_iOSLaunchTests.swift */ = {isa = PBXFileReference; lastKnownFileType = sourcecode.swift; path = Tests_iOSLaunchTests.swift; sourceTree = "<group>"; };
		01481AB22852093000925FAB /* Tests macOS.xctest */ = {isa = PBXFileReference; explicitFileType = wrapper.cfbundle; includeInIndex = 0; path = "Tests macOS.xctest"; sourceTree = BUILT_PRODUCTS_DIR; };
		01481AB62852093000925FAB /* Tests_macOS.swift */ = {isa = PBXFileReference; lastKnownFileType = sourcecode.swift; path = Tests_macOS.swift; sourceTree = "<group>"; };
		01481AB82852093000925FAB /* Tests_macOSLaunchTests.swift */ = {isa = PBXFileReference; lastKnownFileType = sourcecode.swift; path = Tests_macOSLaunchTests.swift; sourceTree = "<group>"; };
		015845CB288FD5A900C7E4B7 /* AccessPointList.swift */ = {isa = PBXFileReference; lastKnownFileType = sourcecode.swift; path = AccessPointList.swift; sourceTree = "<group>"; };
		015D60A22875A1530048F065 /* ScannerView.swift */ = {isa = PBXFileReference; lastKnownFileType = sourcecode.swift; path = ScannerView.swift; sourceTree = "<group>"; };
		01682619287F16CD0040C97E /* Array+Ext.swift */ = {isa = PBXFileReference; lastKnownFileType = sourcecode.swift; path = "Array+Ext.swift"; sourceTree = "<group>"; };
		0183EFC82897C196002E79A5 /* Status.swift */ = {isa = PBXFileReference; lastKnownFileType = sourcecode.swift; path = Status.swift; sourceTree = "<group>"; };
		0183EFCC2897C446002E79A5 /* ReversedLabel.swift */ = {isa = PBXFileReference; lastKnownFileType = sourcecode.swift; path = ReversedLabel.swift; sourceTree = "<group>"; };
		01922CBC28A2713100492E87 /* NavigationView.swift */ = {isa = PBXFileReference; lastKnownFileType = sourcecode.swift; path = NavigationView.swift; sourceTree = "<group>"; };
		01922CBF28A2A48300492E87 /* Label+Ext.swift */ = {isa = PBXFileReference; lastKnownFileType = sourcecode.swift; path = "Label+Ext.swift"; sourceTree = "<group>"; };
		019262E3288039F100A69D04 /* Counter.swift */ = {isa = PBXFileReference; lastKnownFileType = sourcecode.swift; path = Counter.swift; sourceTree = "<group>"; };
		019A5D8D286C77CE002D03F0 /* NordicStyle */ = {isa = PBXFileReference; lastKnownFileType = text; path = NordicStyle; sourceTree = SOURCE_ROOT; };
		019DCE24288553E700E16E9F /* CGRect+Ext.swift */ = {isa = PBXFileReference; lastKnownFileType = sourcecode.swift; path = "CGRect+Ext.swift"; sourceTree = "<group>"; };
		019DCE282885A15100E16E9F /* FilterList.swift */ = {isa = PBXFileReference; lastKnownFileType = sourcecode.swift; path = FilterList.swift; sourceTree = "<group>"; };
		01A0C29428896343000AA135 /* DeviceViewModelFactory.swift */ = {isa = PBXFileReference; lastKnownFileType = sourcecode.swift; path = DeviceViewModelFactory.swift; sourceTree = "<group>"; };
		01A43DE82886CC080025A5C4 /* Provisioner */ = {isa = PBXFileReference; lastKnownFileType = wrapper; path = Provisioner; sourceTree = "<group>"; };
		01A43DEA2886FECB0025A5C4 /* DeviceView.swift */ = {isa = PBXFileReference; lastKnownFileType = sourcecode.swift; path = DeviceView.swift; sourceTree = "<group>"; };
		01A43DED2886FED80025A5C4 /* DeviceViewModel.swift */ = {isa = PBXFileReference; lastKnownFileType = sourcecode.swift; path = DeviceViewModel.swift; sourceTree = "<group>"; };
		01C0F0F9287DE864008BBE46 /* ScannerViewModel.swift */ = {isa = PBXFileReference; lastKnownFileType = sourcecode.swift; path = ScannerViewModel.swift; sourceTree = "<group>"; };
		01C0F0FC287DE926008BBE46 /* ScanResult.swift */ = {isa = PBXFileReference; lastKnownFileType = sourcecode.swift; path = ScanResult.swift; sourceTree = "<group>"; };
		01D26B55286DA3D400FD069D /* Localizable.strings */ = {isa = PBXFileReference; lastKnownFileType = text.plist.strings; path = Localizable.strings; sourceTree = "<group>"; };
		01D26B5A286DAE9800FD069D /* LocalizationKey.swift */ = {isa = PBXFileReference; lastKnownFileType = sourcecode.swift; path = LocalizationKey.swift; sourceTree = "<group>"; };
		01FA5911288713860008AF88 /* ReadableError.swift */ = {isa = PBXFileReference; lastKnownFileType = sourcecode.swift; path = ReadableError.swift; sourceTree = "<group>"; };
		339762F1507DAF6B903DF4D1 /* BluetoothRSSI.swift */ = {isa = PBXFileReference; fileEncoding = 4; lastKnownFileType = sourcecode.swift; path = BluetoothRSSI.swift; sourceTree = "<group>"; };
		33976AAF8A53D43BC33F0ED9 /* WiFiStatus+Ext.swift */ = {isa = PBXFileReference; fileEncoding = 4; lastKnownFileType = sourcecode.swift; path = "WiFiStatus+Ext.swift"; sourceTree = "<group>"; };
		33976EF9849513130301C930 /* WiFiRSSI.swift */ = {isa = PBXFileReference; fileEncoding = 4; lastKnownFileType = sourcecode.swift; path = WiFiRSSI.swift; sourceTree = "<group>"; };
/* End PBXFileReference section */

/* Begin PBXFrameworksBuildPhase section */
		01481A962852093000925FAB /* Frameworks */ = {
			isa = PBXFrameworksBuildPhase;
			buildActionMask = 2147483647;
			files = (
				01FA5917288809390008AF88 /* Provisioner in Frameworks */,
				0144816228A4616F00907C3F /* AsyncBluetooth in Frameworks */,
				01A0C289288853EB000AA135 /* NordicStyle in Frameworks */,
			);
			runOnlyForDeploymentPostprocessing = 0;
		};
		01481A9C2852093000925FAB /* Frameworks */ = {
			isa = PBXFrameworksBuildPhase;
			buildActionMask = 2147483647;
			files = (
				01FA5915288809220008AF88 /* Provisioner in Frameworks */,
				01A0C28B288853F2000AA135 /* NordicStyle in Frameworks */,
			);
			runOnlyForDeploymentPostprocessing = 0;
		};
		01481AA32852093000925FAB /* Frameworks */ = {
			isa = PBXFrameworksBuildPhase;
			buildActionMask = 2147483647;
			files = (
			);
			runOnlyForDeploymentPostprocessing = 0;
		};
		01481AAF2852093000925FAB /* Frameworks */ = {
			isa = PBXFrameworksBuildPhase;
			buildActionMask = 2147483647;
			files = (
			);
			runOnlyForDeploymentPostprocessing = 0;
		};
/* End PBXFrameworksBuildPhase section */

/* Begin PBXGroup section */
		011A2611287CAF780004A5C4 /* Bluetooth */ = {
			isa = PBXGroup;
			children = (
				011A2612287CAF890004A5C4 /* BluetoothManager.swift */,
			);
			path = Bluetooth;
			sourceTree = "<group>";
		};
		01481A8C2852092F00925FAB = {
			isa = PBXGroup;
			children = (
				01A43DE82886CC080025A5C4 /* Provisioner */,
				019A5D8D286C77CE002D03F0 /* NordicStyle */,
				01481A912852092F00925FAB /* Shared */,
				01481AA02852093000925FAB /* macOS */,
				01481AA92852093000925FAB /* Tests iOS */,
				01481AB52852093000925FAB /* Tests macOS */,
				01481A9A2852093000925FAB /* Products */,
				019A5D91286C8F30002D03F0 /* Frameworks */,
			);
			sourceTree = "<group>";
		};
		01481A912852092F00925FAB /* Shared */ = {
			isa = PBXGroup;
			children = (
				01A0C29328896321000AA135 /* Environment */,
				01FA59102887136F0008AF88 /* Models */,
				01A43DE92886FEB80025A5C4 /* Device */,
				01C0F0F8287DE856008BBE46 /* Scanner */,
				01D26B58286DAE6A00FD069D /* Utils */,
				01481A922852092F00925FAB /* nRF_Wi_Fi_ProvisionerApp.swift */,
				01481A932852092F00925FAB /* ContentView.swift */,
				01481A942852093000925FAB /* Assets.xcassets */,
				01D26B55286DA3D400FD069D /* Localizable.strings */,
			);
			path = Shared;
			sourceTree = "<group>";
		};
		01481A9A2852093000925FAB /* Products */ = {
			isa = PBXGroup;
			children = (
				01481A992852093000925FAB /* nRF-Wi-Fi-Provisioner.app */,
				01481A9F2852093000925FAB /* nRF-Wi-Fi-Provisioner.app */,
				01481AA62852093000925FAB /* Tests iOS.xctest */,
				01481AB22852093000925FAB /* Tests macOS.xctest */,
			);
			name = Products;
			sourceTree = "<group>";
		};
		01481AA02852093000925FAB /* macOS */ = {
			isa = PBXGroup;
			children = (
				01481AA12852093000925FAB /* macOS.entitlements */,
			);
			path = macOS;
			sourceTree = "<group>";
		};
		01481AA92852093000925FAB /* Tests iOS */ = {
			isa = PBXGroup;
			children = (
				01481AAA2852093000925FAB /* Tests_iOS.swift */,
				01481AAC2852093000925FAB /* Tests_iOSLaunchTests.swift */,
			);
			path = "Tests iOS";
			sourceTree = "<group>";
		};
		01481AB52852093000925FAB /* Tests macOS */ = {
			isa = PBXGroup;
			children = (
				01481AB62852093000925FAB /* Tests_macOS.swift */,
				01481AB82852093000925FAB /* Tests_macOSLaunchTests.swift */,
			);
			path = "Tests macOS";
			sourceTree = "<group>";
		};
		015845CA288FD54500C7E4B7 /* Scan */ = {
			isa = PBXGroup;
			children = (
				015845CB288FD5A900C7E4B7 /* AccessPointList.swift */,
			);
			path = Scan;
			sourceTree = "<group>";
		};
		01682618287F16B20040C97E /* Extensions */ = {
			isa = PBXGroup;
			children = (
				01682619287F16CD0040C97E /* Array+Ext.swift */,
				019DCE24288553E700E16E9F /* CGRect+Ext.swift */,
				33976AAF8A53D43BC33F0ED9 /* WiFiStatus+Ext.swift */,
				01922CBF28A2A48300492E87 /* Label+Ext.swift */,
				0144816328A4626600907C3F /* ScanData+Hash.swift */,
			);
			path = Extensions;
			sourceTree = "<group>";
		};
		0183EFC72897C17E002E79A5 /* Modifiers */ = {
			isa = PBXGroup;
			children = (
				0183EFC82897C196002E79A5 /* Status.swift */,
			);
			path = Modifiers;
			sourceTree = "<group>";
		};
		0183EFCB2897C42E002E79A5 /* Views */ = {
			isa = PBXGroup;
			children = (
				0183EFCC2897C446002E79A5 /* ReversedLabel.swift */,
				01922CBC28A2713100492E87 /* NavigationView.swift */,
			);
			path = Views;
			sourceTree = "<group>";
		};
		019A5D91286C8F30002D03F0 /* Frameworks */ = {
			isa = PBXGroup;
			children = (
			);
			name = Frameworks;
			sourceTree = "<group>";
		};
		019DCE272885A13300E16E9F /* AditionalViews */ = {
			isa = PBXGroup;
			children = (
				019DCE282885A15100E16E9F /* FilterList.swift */,
			);
			path = AditionalViews;
			sourceTree = "<group>";
		};
		01A0C29328896321000AA135 /* Environment */ = {
			isa = PBXGroup;
			children = (
				01A0C29428896343000AA135 /* DeviceViewModelFactory.swift */,
			);
			path = Environment;
			sourceTree = "<group>";
		};
		01A43DE92886FEB80025A5C4 /* Device */ = {
			isa = PBXGroup;
			children = (
				0183EFC72897C17E002E79A5 /* Modifiers */,
				015845CA288FD54500C7E4B7 /* Scan */,
				01A43DEA2886FECB0025A5C4 /* DeviceView.swift */,
				01A43DED2886FED80025A5C4 /* DeviceViewModel.swift */,
			);
			path = Device;
			sourceTree = "<group>";
		};
		01C0F0F8287DE856008BBE46 /* Scanner */ = {
			isa = PBXGroup;
			children = (
				019DCE272885A13300E16E9F /* AditionalViews */,
				015D60A22875A1530048F065 /* ScannerView.swift */,
				01C0F0F9287DE864008BBE46 /* ScannerViewModel.swift */,
				01C0F0FC287DE926008BBE46 /* ScanResult.swift */,
			);
			path = Scanner;
			sourceTree = "<group>";
		};
		01D26B58286DAE6A00FD069D /* Utils */ = {
			isa = PBXGroup;
			children = (
				0183EFCB2897C42E002E79A5 /* Views */,
				01682618287F16B20040C97E /* Extensions */,
				011A2611287CAF780004A5C4 /* Bluetooth */,
				01D26B59286DAE7000FD069D /* Localization */,
				019262E3288039F100A69D04 /* Counter.swift */,
				01FA5911288713860008AF88 /* ReadableError.swift */,
			);
			path = Utils;
			sourceTree = "<group>";
		};
		01D26B59286DAE7000FD069D /* Localization */ = {
			isa = PBXGroup;
			children = (
				01D26B5A286DAE9800FD069D /* LocalizationKey.swift */,
			);
			path = Localization;
			sourceTree = "<group>";
		};
		01FA59102887136F0008AF88 /* Models */ = {
			isa = PBXGroup;
			children = (
				339762F1507DAF6B903DF4D1 /* BluetoothRSSI.swift */,
				33976EF9849513130301C930 /* WiFiRSSI.swift */,
			);
			path = Models;
			sourceTree = "<group>";
		};
/* End PBXGroup section */

/* Begin PBXNativeTarget section */
		01481A982852093000925FAB /* nRF-Wi-Fi-Provisioner (iOS) */ = {
			isa = PBXNativeTarget;
			buildConfigurationList = 01481AC22852093000925FAB /* Build configuration list for PBXNativeTarget "nRF-Wi-Fi-Provisioner (iOS)" */;
			buildPhases = (
				01481A952852093000925FAB /* Sources */,
				01481A962852093000925FAB /* Frameworks */,
				01481A972852093000925FAB /* Resources */,
			);
			buildRules = (
			);
			dependencies = (
			);
			name = "nRF-Wi-Fi-Provisioner (iOS)";
			packageProductDependencies = (
				01FA5916288809390008AF88 /* Provisioner */,
				01A0C288288853EB000AA135 /* NordicStyle */,
				0144816128A4616F00907C3F /* AsyncBluetooth */,
			);
			productName = "nRF-Wi-Fi-Provisioner (iOS)";
			productReference = 01481A992852093000925FAB /* nRF-Wi-Fi-Provisioner.app */;
			productType = "com.apple.product-type.application";
		};
		01481A9E2852093000925FAB /* nRF-Wi-Fi-Provisioner (macOS) */ = {
			isa = PBXNativeTarget;
			buildConfigurationList = 01481AC52852093000925FAB /* Build configuration list for PBXNativeTarget "nRF-Wi-Fi-Provisioner (macOS)" */;
			buildPhases = (
				01481A9B2852093000925FAB /* Sources */,
				01481A9C2852093000925FAB /* Frameworks */,
				01481A9D2852093000925FAB /* Resources */,
			);
			buildRules = (
			);
			dependencies = (
			);
			name = "nRF-Wi-Fi-Provisioner (macOS)";
			packageProductDependencies = (
				01FA5914288809220008AF88 /* Provisioner */,
				01A0C28A288853F2000AA135 /* NordicStyle */,
			);
			productName = "nRF-Wi-Fi-Provisioner (macOS)";
			productReference = 01481A9F2852093000925FAB /* nRF-Wi-Fi-Provisioner.app */;
			productType = "com.apple.product-type.application";
		};
		01481AA52852093000925FAB /* Tests iOS */ = {
			isa = PBXNativeTarget;
			buildConfigurationList = 01481AC82852093000925FAB /* Build configuration list for PBXNativeTarget "Tests iOS" */;
			buildPhases = (
				01481AA22852093000925FAB /* Sources */,
				01481AA32852093000925FAB /* Frameworks */,
				01481AA42852093000925FAB /* Resources */,
			);
			buildRules = (
			);
			dependencies = (
				01481AA82852093000925FAB /* PBXTargetDependency */,
			);
			name = "Tests iOS";
			productName = "Tests iOS";
			productReference = 01481AA62852093000925FAB /* Tests iOS.xctest */;
			productType = "com.apple.product-type.bundle.ui-testing";
		};
		01481AB12852093000925FAB /* Tests macOS */ = {
			isa = PBXNativeTarget;
			buildConfigurationList = 01481ACB2852093000925FAB /* Build configuration list for PBXNativeTarget "Tests macOS" */;
			buildPhases = (
				01481AAE2852093000925FAB /* Sources */,
				01481AAF2852093000925FAB /* Frameworks */,
				01481AB02852093000925FAB /* Resources */,
			);
			buildRules = (
			);
			dependencies = (
				01481AB42852093000925FAB /* PBXTargetDependency */,
			);
			name = "Tests macOS";
			productName = "Tests macOS";
			productReference = 01481AB22852093000925FAB /* Tests macOS.xctest */;
			productType = "com.apple.product-type.bundle.ui-testing";
		};
/* End PBXNativeTarget section */

/* Begin PBXProject section */
		01481A8D2852092F00925FAB /* Project object */ = {
			isa = PBXProject;
			attributes = {
				BuildIndependentTargetsInParallel = 1;
				LastSwiftUpdateCheck = 1320;
				LastUpgradeCheck = 1340;
				TargetAttributes = {
					01481A982852093000925FAB = {
						CreatedOnToolsVersion = 13.2.1;
						DevelopmentTeam = P3R8YQEV4L;
						ProvisioningStyle = Manual;
					};
					01481A9E2852093000925FAB = {
						CreatedOnToolsVersion = 13.2.1;
						DevelopmentTeam = APP_STORE_CONNECT_TEAM_ID;
						ProvisioningStyle = Automatic;
					};
					01481AA52852093000925FAB = {
						CreatedOnToolsVersion = 13.2.1;
						DevelopmentTeam = APP_STORE_CONNECT_TEAM_ID;
						ProvisioningStyle = Automatic;
						TestTargetID = 01481A982852093000925FAB;
					};
					01481AB12852093000925FAB = {
						CreatedOnToolsVersion = 13.2.1;
						DevelopmentTeam = APP_STORE_CONNECT_TEAM_ID;
						ProvisioningStyle = Automatic;
						TestTargetID = 01481A9E2852093000925FAB;
					};
				};
			};
			buildConfigurationList = 01481A902852092F00925FAB /* Build configuration list for PBXProject "nRF-Wi-Fi-Provisioner" */;
			compatibilityVersion = "Xcode 13.0";
			developmentRegion = en;
			hasScannedForEncodings = 0;
			knownRegions = (
				en,
				Base,
			);
			mainGroup = 01481A8C2852092F00925FAB;
			packageReferences = (
				0144816028A4616F00907C3F /* XCRemoteSwiftPackageReference "AsyncBluetooth.git" */,
			);
			productRefGroup = 01481A9A2852093000925FAB /* Products */;
			projectDirPath = "";
			projectRoot = "";
			targets = (
				01481A982852093000925FAB /* nRF-Wi-Fi-Provisioner (iOS) */,
				01481A9E2852093000925FAB /* nRF-Wi-Fi-Provisioner (macOS) */,
				01481AA52852093000925FAB /* Tests iOS */,
				01481AB12852093000925FAB /* Tests macOS */,
			);
		};
/* End PBXProject section */

/* Begin PBXResourcesBuildPhase section */
		01481A972852093000925FAB /* Resources */ = {
			isa = PBXResourcesBuildPhase;
			buildActionMask = 2147483647;
			files = (
				01481ABE2852093000925FAB /* Assets.xcassets in Resources */,
				01D26B56286DA3D400FD069D /* Localizable.strings in Resources */,
			);
			runOnlyForDeploymentPostprocessing = 0;
		};
		01481A9D2852093000925FAB /* Resources */ = {
			isa = PBXResourcesBuildPhase;
			buildActionMask = 2147483647;
			files = (
				01481ABF2852093000925FAB /* Assets.xcassets in Resources */,
				01D26B57286DA3D400FD069D /* Localizable.strings in Resources */,
			);
			runOnlyForDeploymentPostprocessing = 0;
		};
		01481AA42852093000925FAB /* Resources */ = {
			isa = PBXResourcesBuildPhase;
			buildActionMask = 2147483647;
			files = (
			);
			runOnlyForDeploymentPostprocessing = 0;
		};
		01481AB02852093000925FAB /* Resources */ = {
			isa = PBXResourcesBuildPhase;
			buildActionMask = 2147483647;
			files = (
			);
			runOnlyForDeploymentPostprocessing = 0;
		};
/* End PBXResourcesBuildPhase section */

/* Begin PBXSourcesBuildPhase section */
		01481A952852093000925FAB /* Sources */ = {
			isa = PBXSourcesBuildPhase;
			buildActionMask = 2147483647;
			files = (
				01481ABC2852093000925FAB /* ContentView.swift in Sources */,
				01A43DEE2886FED80025A5C4 /* DeviceViewModel.swift in Sources */,
				01922CBD28A2713100492E87 /* NavigationView.swift in Sources */,
				01C0F0FA287DE864008BBE46 /* ScannerViewModel.swift in Sources */,
				01A43DEB2886FECB0025A5C4 /* DeviceView.swift in Sources */,
				019DCE292885A15100E16E9F /* FilterList.swift in Sources */,
				015D60A32875A1530048F065 /* ScannerView.swift in Sources */,
				019DCE25288553E700E16E9F /* CGRect+Ext.swift in Sources */,
				01922CC028A2A48300492E87 /* Label+Ext.swift in Sources */,
				01C0F0FD287DE926008BBE46 /* ScanResult.swift in Sources */,
				01481ABA2852093000925FAB /* nRF_Wi_Fi_ProvisionerApp.swift in Sources */,
				015845CC288FD5A900C7E4B7 /* AccessPointList.swift in Sources */,
				0183EFCD2897C446002E79A5 /* ReversedLabel.swift in Sources */,
				019262E4288039F100A69D04 /* Counter.swift in Sources */,
				01A0C29528896343000AA135 /* DeviceViewModelFactory.swift in Sources */,
				0168261A287F16CD0040C97E /* Array+Ext.swift in Sources */,
				01D26B5B286DAE9800FD069D /* LocalizationKey.swift in Sources */,
				01FA5912288713860008AF88 /* ReadableError.swift in Sources */,
				011A2613287CAF890004A5C4 /* BluetoothManager.swift in Sources */,
				3397680D2FE5FBB193E7A5EE /* BluetoothRSSI.swift in Sources */,
				0144816428A4626600907C3F /* ScanData+Hash.swift in Sources */,
				0183EFC92897C196002E79A5 /* Status.swift in Sources */,
				3397689B2FD60C49322F3E29 /* WiFiRSSI.swift in Sources */,
				33976B5960D8927917CD726E /* WiFiStatus+Ext.swift in Sources */,
			);
			runOnlyForDeploymentPostprocessing = 0;
		};
		01481A9B2852093000925FAB /* Sources */ = {
			isa = PBXSourcesBuildPhase;
			buildActionMask = 2147483647;
			files = (
				01481ABD2852093000925FAB /* ContentView.swift in Sources */,
				01A43DEF2886FED80025A5C4 /* DeviceViewModel.swift in Sources */,
				01922CBE28A2713100492E87 /* NavigationView.swift in Sources */,
				01C0F0FB287DE864008BBE46 /* ScannerViewModel.swift in Sources */,
				01A43DEC2886FECB0025A5C4 /* DeviceView.swift in Sources */,
				019DCE2A2885A15100E16E9F /* FilterList.swift in Sources */,
				015D60A42875A1530048F065 /* ScannerView.swift in Sources */,
				019DCE26288553E700E16E9F /* CGRect+Ext.swift in Sources */,
				01922CC128A2A48300492E87 /* Label+Ext.swift in Sources */,
				01C0F0FE287DE926008BBE46 /* ScanResult.swift in Sources */,
				01481ABB2852093000925FAB /* nRF_Wi_Fi_ProvisionerApp.swift in Sources */,
				015845CD288FD5A900C7E4B7 /* AccessPointList.swift in Sources */,
				0183EFCE2897C446002E79A5 /* ReversedLabel.swift in Sources */,
				019262E5288039F100A69D04 /* Counter.swift in Sources */,
				01A0C29628896343000AA135 /* DeviceViewModelFactory.swift in Sources */,
				0168261B287F16CD0040C97E /* Array+Ext.swift in Sources */,
				01D26B5C286DAE9800FD069D /* LocalizationKey.swift in Sources */,
				01FA5913288713860008AF88 /* ReadableError.swift in Sources */,
				011A2614287CAF890004A5C4 /* BluetoothManager.swift in Sources */,
				33976EFC0D92E4D7C58060E1 /* BluetoothRSSI.swift in Sources */,
				0144816528A4626600907C3F /* ScanData+Hash.swift in Sources */,
				0183EFCA2897C196002E79A5 /* Status.swift in Sources */,
				33976EBA0FF55A009B0C55ED /* WiFiRSSI.swift in Sources */,
				339768F56D7C8EC8A0DD8B25 /* WiFiStatus+Ext.swift in Sources */,
			);
			runOnlyForDeploymentPostprocessing = 0;
		};
		01481AA22852093000925FAB /* Sources */ = {
			isa = PBXSourcesBuildPhase;
			buildActionMask = 2147483647;
			files = (
				01481AAD2852093000925FAB /* Tests_iOSLaunchTests.swift in Sources */,
				01481AAB2852093000925FAB /* Tests_iOS.swift in Sources */,
			);
			runOnlyForDeploymentPostprocessing = 0;
		};
		01481AAE2852093000925FAB /* Sources */ = {
			isa = PBXSourcesBuildPhase;
			buildActionMask = 2147483647;
			files = (
				01481AB92852093000925FAB /* Tests_macOSLaunchTests.swift in Sources */,
				01481AB72852093000925FAB /* Tests_macOS.swift in Sources */,
			);
			runOnlyForDeploymentPostprocessing = 0;
		};
/* End PBXSourcesBuildPhase section */

/* Begin PBXTargetDependency section */
		01481AA82852093000925FAB /* PBXTargetDependency */ = {
			isa = PBXTargetDependency;
			target = 01481A982852093000925FAB /* nRF-Wi-Fi-Provisioner (iOS) */;
			targetProxy = 01481AA72852093000925FAB /* PBXContainerItemProxy */;
		};
		01481AB42852093000925FAB /* PBXTargetDependency */ = {
			isa = PBXTargetDependency;
			target = 01481A9E2852093000925FAB /* nRF-Wi-Fi-Provisioner (macOS) */;
			targetProxy = 01481AB32852093000925FAB /* PBXContainerItemProxy */;
		};
/* End PBXTargetDependency section */

/* Begin XCBuildConfiguration section */
		01481AC02852093000925FAB /* Debug */ = {
			isa = XCBuildConfiguration;
			buildSettings = {
				ALWAYS_SEARCH_USER_PATHS = NO;
				CLANG_ANALYZER_NONNULL = YES;
				CLANG_ANALYZER_NUMBER_OBJECT_CONVERSION = YES_AGGRESSIVE;
				CLANG_CXX_LANGUAGE_STANDARD = "gnu++17";
				CLANG_CXX_LIBRARY = "libc++";
				CLANG_ENABLE_MODULES = YES;
				CLANG_ENABLE_OBJC_ARC = YES;
				CLANG_ENABLE_OBJC_WEAK = YES;
				CLANG_WARN_BLOCK_CAPTURE_AUTORELEASING = YES;
				CLANG_WARN_BOOL_CONVERSION = YES;
				CLANG_WARN_COMMA = YES;
				CLANG_WARN_CONSTANT_CONVERSION = YES;
				CLANG_WARN_DEPRECATED_OBJC_IMPLEMENTATIONS = YES;
				CLANG_WARN_DIRECT_OBJC_ISA_USAGE = YES_ERROR;
				CLANG_WARN_DOCUMENTATION_COMMENTS = YES;
				CLANG_WARN_EMPTY_BODY = YES;
				CLANG_WARN_ENUM_CONVERSION = YES;
				CLANG_WARN_INFINITE_RECURSION = YES;
				CLANG_WARN_INT_CONVERSION = YES;
				CLANG_WARN_NON_LITERAL_NULL_CONVERSION = YES;
				CLANG_WARN_OBJC_IMPLICIT_RETAIN_SELF = YES;
				CLANG_WARN_OBJC_LITERAL_CONVERSION = YES;
				CLANG_WARN_OBJC_ROOT_CLASS = YES_ERROR;
				CLANG_WARN_QUOTED_INCLUDE_IN_FRAMEWORK_HEADER = YES;
				CLANG_WARN_RANGE_LOOP_ANALYSIS = YES;
				CLANG_WARN_STRICT_PROTOTYPES = YES;
				CLANG_WARN_SUSPICIOUS_MOVE = YES;
				CLANG_WARN_UNGUARDED_AVAILABILITY = YES_AGGRESSIVE;
				CLANG_WARN_UNREACHABLE_CODE = YES;
				CLANG_WARN__DUPLICATE_METHOD_MATCH = YES;
				COPY_PHASE_STRIP = NO;
				DEBUG_INFORMATION_FORMAT = dwarf;
				ENABLE_STRICT_OBJC_MSGSEND = YES;
				ENABLE_TESTABILITY = YES;
				GCC_C_LANGUAGE_STANDARD = gnu11;
				GCC_DYNAMIC_NO_PIC = NO;
				GCC_NO_COMMON_BLOCKS = YES;
				GCC_OPTIMIZATION_LEVEL = 0;
				GCC_PREPROCESSOR_DEFINITIONS = (
					"DEBUG=1",
					"$(inherited)",
				);
				GCC_WARN_64_TO_32_BIT_CONVERSION = YES;
				GCC_WARN_ABOUT_RETURN_TYPE = YES_ERROR;
				GCC_WARN_UNDECLARED_SELECTOR = YES;
				GCC_WARN_UNINITIALIZED_AUTOS = YES_AGGRESSIVE;
				GCC_WARN_UNUSED_FUNCTION = YES;
				GCC_WARN_UNUSED_VARIABLE = YES;
				MTL_ENABLE_DEBUG_INFO = INCLUDE_SOURCE;
				MTL_FAST_MATH = YES;
				ONLY_ACTIVE_ARCH = YES;
				OTHER_LDFLAGS = "\"-Xlinker -interposable\"";
				SWIFT_ACTIVE_COMPILATION_CONDITIONS = DEBUG;
				SWIFT_OPTIMIZATION_LEVEL = "-Onone";
			};
			name = Debug;
		};
		01481AC12852093000925FAB /* Release */ = {
			isa = XCBuildConfiguration;
			buildSettings = {
				ALWAYS_SEARCH_USER_PATHS = NO;
				CLANG_ANALYZER_NONNULL = YES;
				CLANG_ANALYZER_NUMBER_OBJECT_CONVERSION = YES_AGGRESSIVE;
				CLANG_CXX_LANGUAGE_STANDARD = "gnu++17";
				CLANG_CXX_LIBRARY = "libc++";
				CLANG_ENABLE_MODULES = YES;
				CLANG_ENABLE_OBJC_ARC = YES;
				CLANG_ENABLE_OBJC_WEAK = YES;
				CLANG_WARN_BLOCK_CAPTURE_AUTORELEASING = YES;
				CLANG_WARN_BOOL_CONVERSION = YES;
				CLANG_WARN_COMMA = YES;
				CLANG_WARN_CONSTANT_CONVERSION = YES;
				CLANG_WARN_DEPRECATED_OBJC_IMPLEMENTATIONS = YES;
				CLANG_WARN_DIRECT_OBJC_ISA_USAGE = YES_ERROR;
				CLANG_WARN_DOCUMENTATION_COMMENTS = YES;
				CLANG_WARN_EMPTY_BODY = YES;
				CLANG_WARN_ENUM_CONVERSION = YES;
				CLANG_WARN_INFINITE_RECURSION = YES;
				CLANG_WARN_INT_CONVERSION = YES;
				CLANG_WARN_NON_LITERAL_NULL_CONVERSION = YES;
				CLANG_WARN_OBJC_IMPLICIT_RETAIN_SELF = YES;
				CLANG_WARN_OBJC_LITERAL_CONVERSION = YES;
				CLANG_WARN_OBJC_ROOT_CLASS = YES_ERROR;
				CLANG_WARN_QUOTED_INCLUDE_IN_FRAMEWORK_HEADER = YES;
				CLANG_WARN_RANGE_LOOP_ANALYSIS = YES;
				CLANG_WARN_STRICT_PROTOTYPES = YES;
				CLANG_WARN_SUSPICIOUS_MOVE = YES;
				CLANG_WARN_UNGUARDED_AVAILABILITY = YES_AGGRESSIVE;
				CLANG_WARN_UNREACHABLE_CODE = YES;
				CLANG_WARN__DUPLICATE_METHOD_MATCH = YES;
				COPY_PHASE_STRIP = NO;
				DEBUG_INFORMATION_FORMAT = "dwarf-with-dsym";
				ENABLE_NS_ASSERTIONS = NO;
				ENABLE_STRICT_OBJC_MSGSEND = YES;
				GCC_C_LANGUAGE_STANDARD = gnu11;
				GCC_NO_COMMON_BLOCKS = YES;
				GCC_WARN_64_TO_32_BIT_CONVERSION = YES;
				GCC_WARN_ABOUT_RETURN_TYPE = YES_ERROR;
				GCC_WARN_UNDECLARED_SELECTOR = YES;
				GCC_WARN_UNINITIALIZED_AUTOS = YES_AGGRESSIVE;
				GCC_WARN_UNUSED_FUNCTION = YES;
				GCC_WARN_UNUSED_VARIABLE = YES;
				MTL_ENABLE_DEBUG_INFO = NO;
				MTL_FAST_MATH = YES;
				SWIFT_COMPILATION_MODE = wholemodule;
				SWIFT_OPTIMIZATION_LEVEL = "-O";
			};
			name = Release;
		};
		01481AC32852093000925FAB /* Debug */ = {
			isa = XCBuildConfiguration;
			buildSettings = {
				ASSETCATALOG_COMPILER_APPICON_NAME = AppIcon;
				ASSETCATALOG_COMPILER_GLOBAL_ACCENT_COLOR_NAME = AccentColor;
				CODE_SIGN_IDENTITY = "iPhone Distribution";
				CODE_SIGN_STYLE = Manual;
				CURRENT_PROJECT_VERSION = 22;
				DEVELOPMENT_TEAM = P3R8YQEV4L;
				ENABLE_PREVIEWS = YES;
				GENERATE_INFOPLIST_FILE = YES;
				INFOPLIST_KEY_NSBluetoothAlwaysUsageDescription = "Permission Required";
				INFOPLIST_KEY_UIApplicationSceneManifest_Generation = YES;
				INFOPLIST_KEY_UIApplicationSupportsIndirectInputEvents = YES;
				INFOPLIST_KEY_UILaunchScreen_Generation = YES;
				INFOPLIST_KEY_UISupportedInterfaceOrientations_iPad = "UIInterfaceOrientationPortrait UIInterfaceOrientationPortraitUpsideDown UIInterfaceOrientationLandscapeLeft UIInterfaceOrientationLandscapeRight";
				INFOPLIST_KEY_UISupportedInterfaceOrientations_iPhone = "UIInterfaceOrientationPortrait UIInterfaceOrientationLandscapeLeft UIInterfaceOrientationLandscapeRight";
				IPHONEOS_DEPLOYMENT_TARGET = 15.0;
				LD_RUNPATH_SEARCH_PATHS = (
					"$(inherited)",
					"@executable_path/Frameworks",
				);
				MARKETING_VERSION = 0.8.0;
				OTHER_LDFLAGS = "";
				PRODUCT_BUNDLE_IDENTIFIER = "com.nordicsemi.nRF-Wi-Fi-Provisioner";
				PRODUCT_NAME = "nRF-Wi-Fi-Provisioner";
				PROVISIONING_PROFILE_SPECIFIER = "match AppStore com.nordicsemi.nRF-Wi-Fi-Provisioner";
				SDKROOT = iphoneos;
				SWIFT_EMIT_LOC_STRINGS = YES;
				SWIFT_VERSION = 5.0;
				TARGETED_DEVICE_FAMILY = "1,2";
			};
			name = Debug;
		};
		01481AC42852093000925FAB /* Release */ = {
			isa = XCBuildConfiguration;
			buildSettings = {
				ASSETCATALOG_COMPILER_APPICON_NAME = AppIcon;
				ASSETCATALOG_COMPILER_GLOBAL_ACCENT_COLOR_NAME = AccentColor;
				CODE_SIGN_IDENTITY = "iPhone Distribution";
				CODE_SIGN_STYLE = Manual;
				CURRENT_PROJECT_VERSION = 22;
				DEVELOPMENT_TEAM = P3R8YQEV4L;
				ENABLE_PREVIEWS = YES;
				GENERATE_INFOPLIST_FILE = YES;
				INFOPLIST_KEY_NSBluetoothAlwaysUsageDescription = "Permission Required";
				INFOPLIST_KEY_UIApplicationSceneManifest_Generation = YES;
				INFOPLIST_KEY_UIApplicationSupportsIndirectInputEvents = YES;
				INFOPLIST_KEY_UILaunchScreen_Generation = YES;
				INFOPLIST_KEY_UISupportedInterfaceOrientations_iPad = "UIInterfaceOrientationPortrait UIInterfaceOrientationPortraitUpsideDown UIInterfaceOrientationLandscapeLeft UIInterfaceOrientationLandscapeRight";
				INFOPLIST_KEY_UISupportedInterfaceOrientations_iPhone = "UIInterfaceOrientationPortrait UIInterfaceOrientationLandscapeLeft UIInterfaceOrientationLandscapeRight";
				IPHONEOS_DEPLOYMENT_TARGET = 15.0;
				LD_RUNPATH_SEARCH_PATHS = (
					"$(inherited)",
					"@executable_path/Frameworks",
				);
				MARKETING_VERSION = 0.8.0;
				PRODUCT_BUNDLE_IDENTIFIER = "com.nordicsemi.nRF-Wi-Fi-Provisioner";
				PRODUCT_NAME = "nRF-Wi-Fi-Provisioner";
				PROVISIONING_PROFILE_SPECIFIER = "match AppStore com.nordicsemi.nRF-Wi-Fi-Provisioner";
				SDKROOT = iphoneos;
				SWIFT_EMIT_LOC_STRINGS = YES;
				SWIFT_VERSION = 5.0;
				TARGETED_DEVICE_FAMILY = "1,2";
				VALIDATE_PRODUCT = YES;
			};
			name = Release;
		};
		01481AC62852093000925FAB /* Debug */ = {
			isa = XCBuildConfiguration;
			buildSettings = {
				ASSETCATALOG_COMPILER_APPICON_NAME = AppIcon;
				ASSETCATALOG_COMPILER_GLOBAL_ACCENT_COLOR_NAME = AccentColor;
				CODE_SIGN_ENTITLEMENTS = macOS/macOS.entitlements;
				CODE_SIGN_IDENTITY = "iPhone Distribution";
				CODE_SIGN_STYLE = Automatic;
				COMBINE_HIDPI_IMAGES = YES;
				CURRENT_PROJECT_VERSION = 22;
				DEVELOPMENT_TEAM = APP_STORE_CONNECT_TEAM_ID;
				ENABLE_HARDENED_RUNTIME = YES;
				ENABLE_PREVIEWS = YES;
				GENERATE_INFOPLIST_FILE = YES;
				INFOPLIST_KEY_NSBluetoothAlwaysUsageDescription = "Permission Required";
				INFOPLIST_KEY_NSHumanReadableCopyright = "";
				LD_RUNPATH_SEARCH_PATHS = (
					"$(inherited)",
					"@executable_path/../Frameworks",
				);
				MACOSX_DEPLOYMENT_TARGET = 12.0;
				MARKETING_VERSION = 1.0;
				PRODUCT_BUNDLE_IDENTIFIER = "com.nordicsemi.nRF-Wi-Fi-Provisioner";
				PRODUCT_NAME = "nRF-Wi-Fi-Provisioner";
				PROVISIONING_PROFILE_SPECIFIER = "454d81e9-20b9-42c8-9cc9-d6d3f45cc0f7";
				SDKROOT = macosx;
				SWIFT_EMIT_LOC_STRINGS = YES;
				SWIFT_VERSION = 5.0;
			};
			name = Debug;
		};
		01481AC72852093000925FAB /* Release */ = {
			isa = XCBuildConfiguration;
			buildSettings = {
				ASSETCATALOG_COMPILER_APPICON_NAME = AppIcon;
				ASSETCATALOG_COMPILER_GLOBAL_ACCENT_COLOR_NAME = AccentColor;
				CODE_SIGN_ENTITLEMENTS = macOS/macOS.entitlements;
				CODE_SIGN_IDENTITY = "iPhone Distribution";
				CODE_SIGN_STYLE = Automatic;
				COMBINE_HIDPI_IMAGES = YES;
				CURRENT_PROJECT_VERSION = 22;
				DEVELOPMENT_TEAM = APP_STORE_CONNECT_TEAM_ID;
				ENABLE_HARDENED_RUNTIME = YES;
				ENABLE_PREVIEWS = YES;
				GENERATE_INFOPLIST_FILE = YES;
				INFOPLIST_KEY_NSBluetoothAlwaysUsageDescription = "Permission Required";
				INFOPLIST_KEY_NSHumanReadableCopyright = "";
				LD_RUNPATH_SEARCH_PATHS = (
					"$(inherited)",
					"@executable_path/../Frameworks",
				);
				MACOSX_DEPLOYMENT_TARGET = 12.0;
				MARKETING_VERSION = 1.0;
				PRODUCT_BUNDLE_IDENTIFIER = "com.nordicsemi.nRF-Wi-Fi-Provisioner";
				PRODUCT_NAME = "nRF-Wi-Fi-Provisioner";
				PROVISIONING_PROFILE_SPECIFIER = "454d81e9-20b9-42c8-9cc9-d6d3f45cc0f7";
				SDKROOT = macosx;
				SWIFT_EMIT_LOC_STRINGS = YES;
				SWIFT_VERSION = 5.0;
			};
			name = Release;
		};
		01481AC92852093000925FAB /* Debug */ = {
			isa = XCBuildConfiguration;
			buildSettings = {
				ALWAYS_EMBED_SWIFT_STANDARD_LIBRARIES = YES;
				CODE_SIGN_IDENTITY = "iPhone Distribution";
				CODE_SIGN_STYLE = Automatic;
				CURRENT_PROJECT_VERSION = 22;
				DEVELOPMENT_TEAM = APP_STORE_CONNECT_TEAM_ID;
				GENERATE_INFOPLIST_FILE = YES;
				IPHONEOS_DEPLOYMENT_TARGET = 15.2;
				MARKETING_VERSION = 1.0;
				PRODUCT_BUNDLE_IDENTIFIER = "com.nordicsemi.nRF-Wi-Fi-Provisioner";
				PRODUCT_NAME = "$(TARGET_NAME)";
				PROVISIONING_PROFILE_SPECIFIER = "454d81e9-20b9-42c8-9cc9-d6d3f45cc0f7";
				SDKROOT = iphoneos;
				SWIFT_EMIT_LOC_STRINGS = NO;
				SWIFT_VERSION = 5.0;
				TARGETED_DEVICE_FAMILY = "1,2";
				TEST_TARGET_NAME = "nRF-Wi-Fi-Provisioner (iOS)";
			};
			name = Debug;
		};
		01481ACA2852093000925FAB /* Release */ = {
			isa = XCBuildConfiguration;
			buildSettings = {
				ALWAYS_EMBED_SWIFT_STANDARD_LIBRARIES = YES;
				CODE_SIGN_IDENTITY = "iPhone Distribution";
				CODE_SIGN_STYLE = Automatic;
				CURRENT_PROJECT_VERSION = 22;
				DEVELOPMENT_TEAM = APP_STORE_CONNECT_TEAM_ID;
				GENERATE_INFOPLIST_FILE = YES;
				IPHONEOS_DEPLOYMENT_TARGET = 15.2;
				MARKETING_VERSION = 1.0;
				PRODUCT_BUNDLE_IDENTIFIER = "com.nordicsemi.nRF-Wi-Fi-Provisioner";
				PRODUCT_NAME = "$(TARGET_NAME)";
				PROVISIONING_PROFILE_SPECIFIER = "454d81e9-20b9-42c8-9cc9-d6d3f45cc0f7";
				SDKROOT = iphoneos;
				SWIFT_EMIT_LOC_STRINGS = NO;
				SWIFT_VERSION = 5.0;
				TARGETED_DEVICE_FAMILY = "1,2";
				TEST_TARGET_NAME = "nRF-Wi-Fi-Provisioner (iOS)";
				VALIDATE_PRODUCT = YES;
			};
			name = Release;
		};
		01481ACC2852093000925FAB /* Debug */ = {
			isa = XCBuildConfiguration;
			buildSettings = {
				ALWAYS_EMBED_SWIFT_STANDARD_LIBRARIES = YES;
				CODE_SIGN_IDENTITY = "iPhone Distribution";
				CODE_SIGN_STYLE = Automatic;
				CURRENT_PROJECT_VERSION = 22;
				DEVELOPMENT_TEAM = APP_STORE_CONNECT_TEAM_ID;
				GENERATE_INFOPLIST_FILE = YES;
				MACOSX_DEPLOYMENT_TARGET = 12.1;
				MARKETING_VERSION = 1.0;
				PRODUCT_BUNDLE_IDENTIFIER = "com.nordicsemi.nRF-Wi-Fi-Provisioner";
				PRODUCT_NAME = "$(TARGET_NAME)";
				PROVISIONING_PROFILE_SPECIFIER = "454d81e9-20b9-42c8-9cc9-d6d3f45cc0f7";
				SDKROOT = macosx;
				SWIFT_EMIT_LOC_STRINGS = NO;
				SWIFT_VERSION = 5.0;
				TEST_TARGET_NAME = "nRF-Wi-Fi-Provisioner (macOS)";
			};
			name = Debug;
		};
		01481ACD2852093000925FAB /* Release */ = {
			isa = XCBuildConfiguration;
			buildSettings = {
				ALWAYS_EMBED_SWIFT_STANDARD_LIBRARIES = YES;
				CODE_SIGN_IDENTITY = "iPhone Distribution";
				CODE_SIGN_STYLE = Automatic;
				CURRENT_PROJECT_VERSION = 22;
				DEVELOPMENT_TEAM = APP_STORE_CONNECT_TEAM_ID;
				GENERATE_INFOPLIST_FILE = YES;
				MACOSX_DEPLOYMENT_TARGET = 12.1;
				MARKETING_VERSION = 1.0;
				PRODUCT_BUNDLE_IDENTIFIER = "com.nordicsemi.nRF-Wi-Fi-Provisioner";
				PRODUCT_NAME = "$(TARGET_NAME)";
				PROVISIONING_PROFILE_SPECIFIER = "454d81e9-20b9-42c8-9cc9-d6d3f45cc0f7";
				SDKROOT = macosx;
				SWIFT_EMIT_LOC_STRINGS = NO;
				SWIFT_VERSION = 5.0;
				TEST_TARGET_NAME = "nRF-Wi-Fi-Provisioner (macOS)";
			};
			name = Release;
		};
/* End XCBuildConfiguration section */

/* Begin XCConfigurationList section */
		01481A902852092F00925FAB /* Build configuration list for PBXProject "nRF-Wi-Fi-Provisioner" */ = {
			isa = XCConfigurationList;
			buildConfigurations = (
				01481AC02852093000925FAB /* Debug */,
				01481AC12852093000925FAB /* Release */,
			);
			defaultConfigurationIsVisible = 0;
			defaultConfigurationName = Release;
		};
		01481AC22852093000925FAB /* Build configuration list for PBXNativeTarget "nRF-Wi-Fi-Provisioner (iOS)" */ = {
			isa = XCConfigurationList;
			buildConfigurations = (
				01481AC32852093000925FAB /* Debug */,
				01481AC42852093000925FAB /* Release */,
			);
			defaultConfigurationIsVisible = 0;
			defaultConfigurationName = Release;
		};
		01481AC52852093000925FAB /* Build configuration list for PBXNativeTarget "nRF-Wi-Fi-Provisioner (macOS)" */ = {
			isa = XCConfigurationList;
			buildConfigurations = (
				01481AC62852093000925FAB /* Debug */,
				01481AC72852093000925FAB /* Release */,
			);
			defaultConfigurationIsVisible = 0;
			defaultConfigurationName = Release;
		};
		01481AC82852093000925FAB /* Build configuration list for PBXNativeTarget "Tests iOS" */ = {
			isa = XCConfigurationList;
			buildConfigurations = (
				01481AC92852093000925FAB /* Debug */,
				01481ACA2852093000925FAB /* Release */,
			);
			defaultConfigurationIsVisible = 0;
			defaultConfigurationName = Release;
		};
		01481ACB2852093000925FAB /* Build configuration list for PBXNativeTarget "Tests macOS" */ = {
			isa = XCConfigurationList;
			buildConfigurations = (
				01481ACC2852093000925FAB /* Debug */,
				01481ACD2852093000925FAB /* Release */,
			);
			defaultConfigurationIsVisible = 0;
			defaultConfigurationName = Release;
		};
/* End XCConfigurationList section */

/* Begin XCRemoteSwiftPackageReference section */
		0144816028A4616F00907C3F /* XCRemoteSwiftPackageReference "AsyncBluetooth.git" */ = {
			isa = XCRemoteSwiftPackageReference;
			repositoryURL = "https://github.com/manolofdez/AsyncBluetooth.git";
			requirement = {
				kind = upToNextMajorVersion;
				minimumVersion = 1.0.0;
			};
		};
/* End XCRemoteSwiftPackageReference section */

/* Begin XCSwiftPackageProductDependency section */
		0144816128A4616F00907C3F /* AsyncBluetooth */ = {
			isa = XCSwiftPackageProductDependency;
			package = 0144816028A4616F00907C3F /* XCRemoteSwiftPackageReference "AsyncBluetooth.git" */;
			productName = AsyncBluetooth;
		};
		01A0C288288853EB000AA135 /* NordicStyle */ = {
			isa = XCSwiftPackageProductDependency;
			productName = NordicStyle;
		};
		01A0C28A288853F2000AA135 /* NordicStyle */ = {
			isa = XCSwiftPackageProductDependency;
			productName = NordicStyle;
		};
		01FA5914288809220008AF88 /* Provisioner */ = {
			isa = XCSwiftPackageProductDependency;
			productName = Provisioner;
		};
		01FA5916288809390008AF88 /* Provisioner */ = {
			isa = XCSwiftPackageProductDependency;
			productName = Provisioner;
		};
/* End XCSwiftPackageProductDependency section */
	};
	rootObject = 01481A8D2852092F00925FAB /* Project object */;
}
