// !$*UTF8*$!
{
	archiveVersion = 1;
	classes = {
	};
	objectVersion = 55;
	objects = {

/* Begin PBXBuildFile section */
		01481AAB2852093000925FAB /* Tests_iOS.swift in Sources */ = {isa = PBXBuildFile; fileRef = 01481AAA2852093000925FAB /* Tests_iOS.swift */; };
		01481AAD2852093000925FAB /* Tests_iOSLaunchTests.swift in Sources */ = {isa = PBXBuildFile; fileRef = 01481AAC2852093000925FAB /* Tests_iOSLaunchTests.swift */; };
		01481AB72852093000925FAB /* Tests_macOS.swift in Sources */ = {isa = PBXBuildFile; fileRef = 01481AB62852093000925FAB /* Tests_macOS.swift */; };
		01481AB92852093000925FAB /* Tests_macOSLaunchTests.swift in Sources */ = {isa = PBXBuildFile; fileRef = 01481AB82852093000925FAB /* Tests_macOSLaunchTests.swift */; };
		01481ABA2852093000925FAB /* nRF_Wi_Fi_ProvisionerApp.swift in Sources */ = {isa = PBXBuildFile; fileRef = 01481A922852092F00925FAB /* nRF_Wi_Fi_ProvisionerApp.swift */; };
		01481ABB2852093000925FAB /* nRF_Wi_Fi_ProvisionerApp.swift in Sources */ = {isa = PBXBuildFile; fileRef = 01481A922852092F00925FAB /* nRF_Wi_Fi_ProvisionerApp.swift */; };
		01481ABC2852093000925FAB /* ContentView.swift in Sources */ = {isa = PBXBuildFile; fileRef = 01481A932852092F00925FAB /* ContentView.swift */; };
		01481ABD2852093000925FAB /* ContentView.swift in Sources */ = {isa = PBXBuildFile; fileRef = 01481A932852092F00925FAB /* ContentView.swift */; };
		01481ABE2852093000925FAB /* Assets.xcassets in Resources */ = {isa = PBXBuildFile; fileRef = 01481A942852093000925FAB /* Assets.xcassets */; };
		01481ABF2852093000925FAB /* Assets.xcassets in Resources */ = {isa = PBXBuildFile; fileRef = 01481A942852093000925FAB /* Assets.xcassets */; };
/* End PBXBuildFile section */

/* Begin PBXContainerItemProxy section */
		01481AA72852093000925FAB /* PBXContainerItemProxy */ = {
			isa = PBXContainerItemProxy;
			containerPortal = 01481A8D2852092F00925FAB /* Project object */;
			proxyType = 1;
			remoteGlobalIDString = 01481A982852093000925FAB;
			remoteInfo = "nRF-Wi-Fi-Provisioner (iOS)";
		};
		01481AB32852093000925FAB /* PBXContainerItemProxy */ = {
			isa = PBXContainerItemProxy;
			containerPortal = 01481A8D2852092F00925FAB /* Project object */;
			proxyType = 1;
			remoteGlobalIDString = 01481A9E2852093000925FAB;
			remoteInfo = "nRF-Wi-Fi-Provisioner (macOS)";
		};
/* End PBXContainerItemProxy section */

/* Begin PBXFileReference section */
		01481A922852092F00925FAB /* nRF_Wi_Fi_ProvisionerApp.swift */ = {isa = PBXFileReference; lastKnownFileType = sourcecode.swift; path = nRF_Wi_Fi_ProvisionerApp.swift; sourceTree = "<group>"; };
		01481A932852092F00925FAB /* ContentView.swift */ = {isa = PBXFileReference; lastKnownFileType = sourcecode.swift; path = ContentView.swift; sourceTree = "<group>"; };
		01481A942852093000925FAB /* Assets.xcassets */ = {isa = PBXFileReference; lastKnownFileType = folder.assetcatalog; path = Assets.xcassets; sourceTree = "<group>"; };
		01481A992852093000925FAB /* nRF-Wi-Fi-Provisioner.app */ = {isa = PBXFileReference; explicitFileType = wrapper.application; includeInIndex = 0; path = "nRF-Wi-Fi-Provisioner.app"; sourceTree = BUILT_PRODUCTS_DIR; };
		01481A9F2852093000925FAB /* nRF-Wi-Fi-Provisioner.app */ = {isa = PBXFileReference; explicitFileType = wrapper.application; includeInIndex = 0; path = "nRF-Wi-Fi-Provisioner.app"; sourceTree = BUILT_PRODUCTS_DIR; };
		01481AA12852093000925FAB /* macOS.entitlements */ = {isa = PBXFileReference; lastKnownFileType = text.plist.entitlements; path = macOS.entitlements; sourceTree = "<group>"; };
		01481AA62852093000925FAB /* Tests iOS.xctest */ = {isa = PBXFileReference; explicitFileType = wrapper.cfbundle; includeInIndex = 0; path = "Tests iOS.xctest"; sourceTree = BUILT_PRODUCTS_DIR; };
		01481AAA2852093000925FAB /* Tests_iOS.swift */ = {isa = PBXFileReference; lastKnownFileType = sourcecode.swift; path = Tests_iOS.swift; sourceTree = "<group>"; };
		01481AAC2852093000925FAB /* Tests_iOSLaunchTests.swift */ = {isa = PBXFileReference; lastKnownFileType = sourcecode.swift; path = Tests_iOSLaunchTests.swift; sourceTree = "<group>"; };
		01481AB22852093000925FAB /* Tests macOS.xctest */ = {isa = PBXFileReference; explicitFileType = wrapper.cfbundle; includeInIndex = 0; path = "Tests macOS.xctest"; sourceTree = BUILT_PRODUCTS_DIR; };
		01481AB62852093000925FAB /* Tests_macOS.swift */ = {isa = PBXFileReference; lastKnownFileType = sourcecode.swift; path = Tests_macOS.swift; sourceTree = "<group>"; };
		01481AB82852093000925FAB /* Tests_macOSLaunchTests.swift */ = {isa = PBXFileReference; lastKnownFileType = sourcecode.swift; path = Tests_macOSLaunchTests.swift; sourceTree = "<group>"; };
/* End PBXFileReference section */

/* Begin PBXFrameworksBuildPhase section */
		01481A962852093000925FAB /* Frameworks */ = {
			isa = PBXFrameworksBuildPhase;
			buildActionMask = 2147483647;
			files = (
			);
			runOnlyForDeploymentPostprocessing = 0;
		};
		01481A9C2852093000925FAB /* Frameworks */ = {
			isa = PBXFrameworksBuildPhase;
			buildActionMask = 2147483647;
			files = (
			);
			runOnlyForDeploymentPostprocessing = 0;
		};
		01481AA32852093000925FAB /* Frameworks */ = {
			isa = PBXFrameworksBuildPhase;
			buildActionMask = 2147483647;
			files = (
			);
			runOnlyForDeploymentPostprocessing = 0;
		};
		01481AAF2852093000925FAB /* Frameworks */ = {
			isa = PBXFrameworksBuildPhase;
			buildActionMask = 2147483647;
			files = (
			);
			runOnlyForDeploymentPostprocessing = 0;
		};
/* End PBXFrameworksBuildPhase section */

/* Begin PBXGroup section */
		01481A8C2852092F00925FAB = {
			isa = PBXGroup;
			children = (
				01481A912852092F00925FAB /* Shared */,
				01481AA02852093000925FAB /* macOS */,
				01481AA92852093000925FAB /* Tests iOS */,
				01481AB52852093000925FAB /* Tests macOS */,
				01481A9A2852093000925FAB /* Products */,
			);
			sourceTree = "<group>";
		};
		01481A912852092F00925FAB /* Shared */ = {
			isa = PBXGroup;
			children = (
				01481A922852092F00925FAB /* nRF_Wi_Fi_ProvisionerApp.swift */,
				01481A932852092F00925FAB /* ContentView.swift */,
				01481A942852093000925FAB /* Assets.xcassets */,
			);
			path = Shared;
			sourceTree = "<group>";
		};
		01481A9A2852093000925FAB /* Products */ = {
			isa = PBXGroup;
			children = (
				01481A992852093000925FAB /* nRF-Wi-Fi-Provisioner.app */,
				01481A9F2852093000925FAB /* nRF-Wi-Fi-Provisioner.app */,
				01481AA62852093000925FAB /* Tests iOS.xctest */,
				01481AB22852093000925FAB /* Tests macOS.xctest */,
			);
			name = Products;
			sourceTree = "<group>";
		};
		01481AA02852093000925FAB /* macOS */ = {
			isa = PBXGroup;
			children = (
				01481AA12852093000925FAB /* macOS.entitlements */,
			);
			path = macOS;
			sourceTree = "<group>";
		};
		01481AA92852093000925FAB /* Tests iOS */ = {
			isa = PBXGroup;
			children = (
				01481AAA2852093000925FAB /* Tests_iOS.swift */,
				01481AAC2852093000925FAB /* Tests_iOSLaunchTests.swift */,
			);
			path = "Tests iOS";
			sourceTree = "<group>";
		};
		01481AB52852093000925FAB /* Tests macOS */ = {
			isa = PBXGroup;
			children = (
				01481AB62852093000925FAB /* Tests_macOS.swift */,
				01481AB82852093000925FAB /* Tests_macOSLaunchTests.swift */,
			);
			path = "Tests macOS";
			sourceTree = "<group>";
		};
/* End PBXGroup section */

/* Begin PBXNativeTarget section */
		01481A982852093000925FAB /* nRF-Wi-Fi-Provisioner (iOS) */ = {
			isa = PBXNativeTarget;
			buildConfigurationList = 01481AC22852093000925FAB /* Build configuration list for PBXNativeTarget "nRF-Wi-Fi-Provisioner (iOS)" */;
			buildPhases = (
				01481A952852093000925FAB /* Sources */,
				01481A962852093000925FAB /* Frameworks */,
				01481A972852093000925FAB /* Resources */,
			);
			buildRules = (
			);
			dependencies = (
			);
			name = "nRF-Wi-Fi-Provisioner (iOS)";
			productName = "nRF-Wi-Fi-Provisioner (iOS)";
			productReference = 01481A992852093000925FAB /* nRF-Wi-Fi-Provisioner.app */;
			productType = "com.apple.product-type.application";
		};
		01481A9E2852093000925FAB /* nRF-Wi-Fi-Provisioner (macOS) */ = {
			isa = PBXNativeTarget;
			buildConfigurationList = 01481AC52852093000925FAB /* Build configuration list for PBXNativeTarget "nRF-Wi-Fi-Provisioner (macOS)" */;
			buildPhases = (
				01481A9B2852093000925FAB /* Sources */,
				01481A9C2852093000925FAB /* Frameworks */,
				01481A9D2852093000925FAB /* Resources */,
			);
			buildRules = (
			);
			dependencies = (
			);
			name = "nRF-Wi-Fi-Provisioner (macOS)";
			productName = "nRF-Wi-Fi-Provisioner (macOS)";
			productReference = 01481A9F2852093000925FAB /* nRF-Wi-Fi-Provisioner.app */;
			productType = "com.apple.product-type.application";
		};
		01481AA52852093000925FAB /* Tests iOS */ = {
			isa = PBXNativeTarget;
			buildConfigurationList = 01481AC82852093000925FAB /* Build configuration list for PBXNativeTarget "Tests iOS" */;
			buildPhases = (
				01481AA22852093000925FAB /* Sources */,
				01481AA32852093000925FAB /* Frameworks */,
				01481AA42852093000925FAB /* Resources */,
			);
			buildRules = (
			);
			dependencies = (
				01481AA82852093000925FAB /* PBXTargetDependency */,
			);
			name = "Tests iOS";
			productName = "Tests iOS";
			productReference = 01481AA62852093000925FAB /* Tests iOS.xctest */;
			productType = "com.apple.product-type.bundle.ui-testing";
		};
		01481AB12852093000925FAB /* Tests macOS */ = {
			isa = PBXNativeTarget;
			buildConfigurationList = 01481ACB2852093000925FAB /* Build configuration list for PBXNativeTarget "Tests macOS" */;
			buildPhases = (
				01481AAE2852093000925FAB /* Sources */,
				01481AAF2852093000925FAB /* Frameworks */,
				01481AB02852093000925FAB /* Resources */,
			);
			buildRules = (
			);
			dependencies = (
				01481AB42852093000925FAB /* PBXTargetDependency */,
			);
			name = "Tests macOS";
			productName = "Tests macOS";
			productReference = 01481AB22852093000925FAB /* Tests macOS.xctest */;
			productType = "com.apple.product-type.bundle.ui-testing";
		};
/* End PBXNativeTarget section */

/* Begin PBXProject section */
		01481A8D2852092F00925FAB /* Project object */ = {
			isa = PBXProject;
			attributes = {
				BuildIndependentTargetsInParallel = 1;
				LastSwiftUpdateCheck = 1320;
				LastUpgradeCheck = 1320;
				TargetAttributes = {
					01481A982852093000925FAB = {
						CreatedOnToolsVersion = 13.2.1;
					};
					01481A9E2852093000925FAB = {
						CreatedOnToolsVersion = 13.2.1;
					};
					01481AA52852093000925FAB = {
						CreatedOnToolsVersion = 13.2.1;
						TestTargetID = 01481A982852093000925FAB;
					};
					01481AB12852093000925FAB = {
						CreatedOnToolsVersion = 13.2.1;
						TestTargetID = 01481A9E2852093000925FAB;
					};
				};
			};
			buildConfigurationList = 01481A902852092F00925FAB /* Build configuration list for PBXProject "nRF-Wi-Fi-Provisioner" */;
			compatibilityVersion = "Xcode 13.0";
			developmentRegion = en;
			hasScannedForEncodings = 0;
			knownRegions = (
				en,
				Base,
			);
			mainGroup = 01481A8C2852092F00925FAB;
			productRefGroup = 01481A9A2852093000925FAB /* Products */;
			projectDirPath = "";
			projectRoot = "";
			targets = (
				01481A982852093000925FAB /* nRF-Wi-Fi-Provisioner (iOS) */,
				01481A9E2852093000925FAB /* nRF-Wi-Fi-Provisioner (macOS) */,
				01481AA52852093000925FAB /* Tests iOS */,
				01481AB12852093000925FAB /* Tests macOS */,
			);
		};
/* End PBXProject section */

/* Begin PBXResourcesBuildPhase section */
		01481A972852093000925FAB /* Resources */ = {
			isa = PBXResourcesBuildPhase;
			buildActionMask = 2147483647;
			files = (
				01481ABE2852093000925FAB /* Assets.xcassets in Resources */,
			);
			runOnlyForDeploymentPostprocessing = 0;
		};
		01481A9D2852093000925FAB /* Resources */ = {
			isa = PBXResourcesBuildPhase;
			buildActionMask = 2147483647;
			files = (
				01481ABF2852093000925FAB /* Assets.xcassets in Resources */,
			);
			runOnlyForDeploymentPostprocessing = 0;
		};
		01481AA42852093000925FAB /* Resources */ = {
			isa = PBXResourcesBuildPhase;
			buildActionMask = 2147483647;
			files = (
			);
			runOnlyForDeploymentPostprocessing = 0;
		};
		01481AB02852093000925FAB /* Resources */ = {
			isa = PBXResourcesBuildPhase;
			buildActionMask = 2147483647;
			files = (
			);
			runOnlyForDeploymentPostprocessing = 0;
		};
/* End PBXResourcesBuildPhase section */

/* Begin PBXSourcesBuildPhase section */
		01481A952852093000925FAB /* Sources */ = {
			isa = PBXSourcesBuildPhase;
			buildActionMask = 2147483647;
			files = (
				01481ABC2852093000925FAB /* ContentView.swift in Sources */,
				01481ABA2852093000925FAB /* nRF_Wi_Fi_ProvisionerApp.swift in Sources */,
			);
			runOnlyForDeploymentPostprocessing = 0;
		};
		01481A9B2852093000925FAB /* Sources */ = {
			isa = PBXSourcesBuildPhase;
			buildActionMask = 2147483647;
			files = (
				01481ABD2852093000925FAB /* ContentView.swift in Sources */,
				01481ABB2852093000925FAB /* nRF_Wi_Fi_ProvisionerApp.swift in Sources */,
			);
			runOnlyForDeploymentPostprocessing = 0;
		};
		01481AA22852093000925FAB /* Sources */ = {
			isa = PBXSourcesBuildPhase;
			buildActionMask = 2147483647;
			files = (
				01481AAD2852093000925FAB /* Tests_iOSLaunchTests.swift in Sources */,
				01481AAB2852093000925FAB /* Tests_iOS.swift in Sources */,
			);
			runOnlyForDeploymentPostprocessing = 0;
		};
		01481AAE2852093000925FAB /* Sources */ = {
			isa = PBXSourcesBuildPhase;
			buildActionMask = 2147483647;
			files = (
				01481AB92852093000925FAB /* Tests_macOSLaunchTests.swift in Sources */,
				01481AB72852093000925FAB /* Tests_macOS.swift in Sources */,
			);
			runOnlyForDeploymentPostprocessing = 0;
		};
/* End PBXSourcesBuildPhase section */

/* Begin PBXTargetDependency section */
		01481AA82852093000925FAB /* PBXTargetDependency */ = {
			isa = PBXTargetDependency;
			target = 01481A982852093000925FAB /* nRF-Wi-Fi-Provisioner (iOS) */;
			targetProxy = 01481AA72852093000925FAB /* PBXContainerItemProxy */;
		};
		01481AB42852093000925FAB /* PBXTargetDependency */ = {
			isa = PBXTargetDependency;
			target = 01481A9E2852093000925FAB /* nRF-Wi-Fi-Provisioner (macOS) */;
			targetProxy = 01481AB32852093000925FAB /* PBXContainerItemProxy */;
		};
/* End PBXTargetDependency section */

/* Begin XCBuildConfiguration section */
		01481AC02852093000925FAB /* Debug */ = {
			isa = XCBuildConfiguration;
			buildSettings = {
				ALWAYS_SEARCH_USER_PATHS = NO;
				CLANG_ANALYZER_NONNULL = YES;
				CLANG_ANALYZER_NUMBER_OBJECT_CONVERSION = YES_AGGRESSIVE;
				CLANG_CXX_LANGUAGE_STANDARD = "gnu++17";
				CLANG_CXX_LIBRARY = "libc++";
				CLANG_ENABLE_MODULES = YES;
				CLANG_ENABLE_OBJC_ARC = YES;
				CLANG_ENABLE_OBJC_WEAK = YES;
				CLANG_WARN_BLOCK_CAPTURE_AUTORELEASING = YES;
				CLANG_WARN_BOOL_CONVERSION = YES;
				CLANG_WARN_COMMA = YES;
				CLANG_WARN_CONSTANT_CONVERSION = YES;
				CLANG_WARN_DEPRECATED_OBJC_IMPLEMENTATIONS = YES;
				CLANG_WARN_DIRECT_OBJC_ISA_USAGE = YES_ERROR;
				CLANG_WARN_DOCUMENTATION_COMMENTS = YES;
				CLANG_WARN_EMPTY_BODY = YES;
				CLANG_WARN_ENUM_CONVERSION = YES;
				CLANG_WARN_INFINITE_RECURSION = YES;
				CLANG_WARN_INT_CONVERSION = YES;
				CLANG_WARN_NON_LITERAL_NULL_CONVERSION = YES;
				CLANG_WARN_OBJC_IMPLICIT_RETAIN_SELF = YES;
				CLANG_WARN_OBJC_LITERAL_CONVERSION = YES;
				CLANG_WARN_OBJC_ROOT_CLASS = YES_ERROR;
				CLANG_WARN_QUOTED_INCLUDE_IN_FRAMEWORK_HEADER = YES;
				CLANG_WARN_RANGE_LOOP_ANALYSIS = YES;
				CLANG_WARN_STRICT_PROTOTYPES = YES;
				CLANG_WARN_SUSPICIOUS_MOVE = YES;
				CLANG_WARN_UNGUARDED_AVAILABILITY = YES_AGGRESSIVE;
				CLANG_WARN_UNREACHABLE_CODE = YES;
				CLANG_WARN__DUPLICATE_METHOD_MATCH = YES;
				COPY_PHASE_STRIP = NO;
				DEBUG_INFORMATION_FORMAT = dwarf;
				ENABLE_STRICT_OBJC_MSGSEND = YES;
				ENABLE_TESTABILITY = YES;
				GCC_C_LANGUAGE_STANDARD = gnu11;
				GCC_DYNAMIC_NO_PIC = NO;
				GCC_NO_COMMON_BLOCKS = YES;
				GCC_OPTIMIZATION_LEVEL = 0;
				GCC_PREPROCESSOR_DEFINITIONS = (
					"DEBUG=1",
					"$(inherited)",
				);
				GCC_WARN_64_TO_32_BIT_CONVERSION = YES;
				GCC_WARN_ABOUT_RETURN_TYPE = YES_ERROR;
				GCC_WARN_UNDECLARED_SELECTOR = YES;
				GCC_WARN_UNINITIALIZED_AUTOS = YES_AGGRESSIVE;
				GCC_WARN_UNUSED_FUNCTION = YES;
				GCC_WARN_UNUSED_VARIABLE = YES;
				MTL_ENABLE_DEBUG_INFO = INCLUDE_SOURCE;
				MTL_FAST_MATH = YES;
				ONLY_ACTIVE_ARCH = YES;
				SWIFT_ACTIVE_COMPILATION_CONDITIONS = DEBUG;
				SWIFT_OPTIMIZATION_LEVEL = "-Onone";
			};
			name = Debug;
		};
		01481AC12852093000925FAB /* Release */ = {
			isa = XCBuildConfiguration;
			buildSettings = {
				ALWAYS_SEARCH_USER_PATHS = NO;
				CLANG_ANALYZER_NONNULL = YES;
				CLANG_ANALYZER_NUMBER_OBJECT_CONVERSION = YES_AGGRESSIVE;
				CLANG_CXX_LANGUAGE_STANDARD = "gnu++17";
				CLANG_CXX_LIBRARY = "libc++";
				CLANG_ENABLE_MODULES = YES;
				CLANG_ENABLE_OBJC_ARC = YES;
				CLANG_ENABLE_OBJC_WEAK = YES;
				CLANG_WARN_BLOCK_CAPTURE_AUTORELEASING = YES;
				CLANG_WARN_BOOL_CONVERSION = YES;
				CLANG_WARN_COMMA = YES;
				CLANG_WARN_CONSTANT_CONVERSION = YES;
				CLANG_WARN_DEPRECATED_OBJC_IMPLEMENTATIONS = YES;
				CLANG_WARN_DIRECT_OBJC_ISA_USAGE = YES_ERROR;
				CLANG_WARN_DOCUMENTATION_COMMENTS = YES;
				CLANG_WARN_EMPTY_BODY = YES;
				CLANG_WARN_ENUM_CONVERSION = YES;
				CLANG_WARN_INFINITE_RECURSION = YES;
				CLANG_WARN_INT_CONVERSION = YES;
				CLANG_WARN_NON_LITERAL_NULL_CONVERSION = YES;
				CLANG_WARN_OBJC_IMPLICIT_RETAIN_SELF = YES;
				CLANG_WARN_OBJC_LITERAL_CONVERSION = YES;
				CLANG_WARN_OBJC_ROOT_CLASS = YES_ERROR;
				CLANG_WARN_QUOTED_INCLUDE_IN_FRAMEWORK_HEADER = YES;
				CLANG_WARN_RANGE_LOOP_ANALYSIS = YES;
				CLANG_WARN_STRICT_PROTOTYPES = YES;
				CLANG_WARN_SUSPICIOUS_MOVE = YES;
				CLANG_WARN_UNGUARDED_AVAILABILITY = YES_AGGRESSIVE;
				CLANG_WARN_UNREACHABLE_CODE = YES;
				CLANG_WARN__DUPLICATE_METHOD_MATCH = YES;
				COPY_PHASE_STRIP = NO;
				DEBUG_INFORMATION_FORMAT = "dwarf-with-dsym";
				ENABLE_NS_ASSERTIONS = NO;
				ENABLE_STRICT_OBJC_MSGSEND = YES;
				GCC_C_LANGUAGE_STANDARD = gnu11;
				GCC_NO_COMMON_BLOCKS = YES;
				GCC_WARN_64_TO_32_BIT_CONVERSION = YES;
				GCC_WARN_ABOUT_RETURN_TYPE = YES_ERROR;
				GCC_WARN_UNDECLARED_SELECTOR = YES;
				GCC_WARN_UNINITIALIZED_AUTOS = YES_AGGRESSIVE;
				GCC_WARN_UNUSED_FUNCTION = YES;
				GCC_WARN_UNUSED_VARIABLE = YES;
				MTL_ENABLE_DEBUG_INFO = NO;
				MTL_FAST_MATH = YES;
				SWIFT_COMPILATION_MODE = wholemodule;
				SWIFT_OPTIMIZATION_LEVEL = "-O";
			};
			name = Release;
		};
		01481AC32852093000925FAB /* Debug */ = {
			isa = XCBuildConfiguration;
			buildSettings = {
				ASSETCATALOG_COMPILER_APPICON_NAME = AppIcon;
				ASSETCATALOG_COMPILER_GLOBAL_ACCENT_COLOR_NAME = AccentColor;
				CODE_SIGN_STYLE = Automatic;
				CURRENT_PROJECT_VERSION = 1;
				DEVELOPMENT_TEAM = P3R8YQEV4L;
				ENABLE_PREVIEWS = YES;
				GENERATE_INFOPLIST_FILE = YES;
				INFOPLIST_KEY_UIApplicationSceneManifest_Generation = YES;
				INFOPLIST_KEY_UIApplicationSupportsIndirectInputEvents = YES;
				INFOPLIST_KEY_UILaunchScreen_Generation = YES;
				INFOPLIST_KEY_UISupportedInterfaceOrientations_iPad = "UIInterfaceOrientationPortrait UIInterfaceOrientationPortraitUpsideDown UIInterfaceOrientationLandscapeLeft UIInterfaceOrientationLandscapeRight";
				INFOPLIST_KEY_UISupportedInterfaceOrientations_iPhone = "UIInterfaceOrientationPortrait UIInterfaceOrientationLandscapeLeft UIInterfaceOrientationLandscapeRight";
				IPHONEOS_DEPLOYMENT_TARGET = 15.2;
				LD_RUNPATH_SEARCH_PATHS = (
					"$(inherited)",
					"@executable_path/Frameworks",
				);
				MARKETING_VERSION = 1.0;
				PRODUCT_BUNDLE_IDENTIFIER = "com.nordicsemi.nRF-Wi-Fi-Provisioner";
				PRODUCT_NAME = "nRF-Wi-Fi-Provisioner";
				SDKROOT = iphoneos;
				SWIFT_EMIT_LOC_STRINGS = YES;
				SWIFT_VERSION = 5.0;
				TARGETED_DEVICE_FAMILY = "1,2";
			};
			name = Debug;
		};
		01481AC42852093000925FAB /* Release */ = {
			isa = XCBuildConfiguration;
			buildSettings = {
				ASSETCATALOG_COMPILER_APPICON_NAME = AppIcon;
				ASSETCATALOG_COMPILER_GLOBAL_ACCENT_COLOR_NAME = AccentColor;
				CODE_SIGN_STYLE = Automatic;
				CURRENT_PROJECT_VERSION = 1;
				DEVELOPMENT_TEAM = P3R8YQEV4L;
				ENABLE_PREVIEWS = YES;
				GENERATE_INFOPLIST_FILE = YES;
				INFOPLIST_KEY_UIApplicationSceneManifest_Generation = YES;
				INFOPLIST_KEY_UIApplicationSupportsIndirectInputEvents = YES;
				INFOPLIST_KEY_UILaunchScreen_Generation = YES;
				INFOPLIST_KEY_UISupportedInterfaceOrientations_iPad = "UIInterfaceOrientationPortrait UIInterfaceOrientationPortraitUpsideDown UIInterfaceOrientationLandscapeLeft UIInterfaceOrientationLandscapeRight";
				INFOPLIST_KEY_UISupportedInterfaceOrientations_iPhone = "UIInterfaceOrientationPortrait UIInterfaceOrientationLandscapeLeft UIInterfaceOrientationLandscapeRight";
				IPHONEOS_DEPLOYMENT_TARGET = 15.2;
				LD_RUNPATH_SEARCH_PATHS = (
					"$(inherited)",
					"@executable_path/Frameworks",
				);
				MARKETING_VERSION = 1.0;
				PRODUCT_BUNDLE_IDENTIFIER = "com.nordicsemi.nRF-Wi-Fi-Provisioner";
				PRODUCT_NAME = "nRF-Wi-Fi-Provisioner";
				SDKROOT = iphoneos;
				SWIFT_EMIT_LOC_STRINGS = YES;
				SWIFT_VERSION = 5.0;
				TARGETED_DEVICE_FAMILY = "1,2";
				VALIDATE_PRODUCT = YES;
			};
			name = Release;
		};
		01481AC62852093000925FAB /* Debug */ = {
			isa = XCBuildConfiguration;
			buildSettings = {
				ASSETCATALOG_COMPILER_APPICON_NAME = AppIcon;
				ASSETCATALOG_COMPILER_GLOBAL_ACCENT_COLOR_NAME = AccentColor;
				CODE_SIGN_ENTITLEMENTS = macOS/macOS.entitlements;
				CODE_SIGN_STYLE = Automatic;
				COMBINE_HIDPI_IMAGES = YES;
				CURRENT_PROJECT_VERSION = 1;
				DEVELOPMENT_TEAM = P3R8YQEV4L;
				ENABLE_HARDENED_RUNTIME = YES;
				ENABLE_PREVIEWS = YES;
				GENERATE_INFOPLIST_FILE = YES;
				INFOPLIST_KEY_NSHumanReadableCopyright = "";
				LD_RUNPATH_SEARCH_PATHS = (
					"$(inherited)",
					"@executable_path/../Frameworks",
				);
				MACOSX_DEPLOYMENT_TARGET = 12.1;
				MARKETING_VERSION = 1.0;
				PRODUCT_BUNDLE_IDENTIFIER = "com.nordicsemi.nRF-Wi-Fi-Provisioner";
				PRODUCT_NAME = "nRF-Wi-Fi-Provisioner";
				SDKROOT = macosx;
				SWIFT_EMIT_LOC_STRINGS = YES;
				SWIFT_VERSION = 5.0;
			};
			name = Debug;
		};
		01481AC72852093000925FAB /* Release */ = {
			isa = XCBuildConfiguration;
			buildSettings = {
				ASSETCATALOG_COMPILER_APPICON_NAME = AppIcon;
				ASSETCATALOG_COMPILER_GLOBAL_ACCENT_COLOR_NAME = AccentColor;
				CODE_SIGN_ENTITLEMENTS = macOS/macOS.entitlements;
				CODE_SIGN_STYLE = Automatic;
				COMBINE_HIDPI_IMAGES = YES;
				CURRENT_PROJECT_VERSION = 1;
				DEVELOPMENT_TEAM = P3R8YQEV4L;
				ENABLE_HARDENED_RUNTIME = YES;
				ENABLE_PREVIEWS = YES;
				GENERATE_INFOPLIST_FILE = YES;
				INFOPLIST_KEY_NSHumanReadableCopyright = "";
				LD_RUNPATH_SEARCH_PATHS = (
					"$(inherited)",
					"@executable_path/../Frameworks",
				);
				MACOSX_DEPLOYMENT_TARGET = 12.1;
				MARKETING_VERSION = 1.0;
				PRODUCT_BUNDLE_IDENTIFIER = "com.nordicsemi.nRF-Wi-Fi-Provisioner";
				PRODUCT_NAME = "nRF-Wi-Fi-Provisioner";
				SDKROOT = macosx;
				SWIFT_EMIT_LOC_STRINGS = YES;
				SWIFT_VERSION = 5.0;
			};
			name = Release;
		};
		01481AC92852093000925FAB /* Debug */ = {
			isa = XCBuildConfiguration;
			buildSettings = {
				ALWAYS_EMBED_SWIFT_STANDARD_LIBRARIES = YES;
				CODE_SIGN_STYLE = Automatic;
				CURRENT_PROJECT_VERSION = 1;
				DEVELOPMENT_TEAM = P3R8YQEV4L;
				GENERATE_INFOPLIST_FILE = YES;
				IPHONEOS_DEPLOYMENT_TARGET = 15.2;
				MARKETING_VERSION = 1.0;
				PRODUCT_BUNDLE_IDENTIFIER = "com.nordicsemi.Tests-iOS";
				PRODUCT_NAME = "$(TARGET_NAME)";
				SDKROOT = iphoneos;
				SWIFT_EMIT_LOC_STRINGS = NO;
				SWIFT_VERSION = 5.0;
				TARGETED_DEVICE_FAMILY = "1,2";
				TEST_TARGET_NAME = "nRF-Wi-Fi-Provisioner (iOS)";
			};
			name = Debug;
		};
		01481ACA2852093000925FAB /* Release */ = {
			isa = XCBuildConfiguration;
			buildSettings = {
				ALWAYS_EMBED_SWIFT_STANDARD_LIBRARIES = YES;
				CODE_SIGN_STYLE = Automatic;
				CURRENT_PROJECT_VERSION = 1;
				DEVELOPMENT_TEAM = P3R8YQEV4L;
				GENERATE_INFOPLIST_FILE = YES;
				IPHONEOS_DEPLOYMENT_TARGET = 15.2;
				MARKETING_VERSION = 1.0;
				PRODUCT_BUNDLE_IDENTIFIER = "com.nordicsemi.Tests-iOS";
				PRODUCT_NAME = "$(TARGET_NAME)";
				SDKROOT = iphoneos;
				SWIFT_EMIT_LOC_STRINGS = NO;
				SWIFT_VERSION = 5.0;
				TARGETED_DEVICE_FAMILY = "1,2";
				TEST_TARGET_NAME = "nRF-Wi-Fi-Provisioner (iOS)";
				VALIDATE_PRODUCT = YES;
			};
			name = Release;
		};
		01481ACC2852093000925FAB /* Debug */ = {
			isa = XCBuildConfiguration;
			buildSettings = {
				ALWAYS_EMBED_SWIFT_STANDARD_LIBRARIES = YES;
				CODE_SIGN_STYLE = Automatic;
				CURRENT_PROJECT_VERSION = 1;
				DEVELOPMENT_TEAM = P3R8YQEV4L;
				GENERATE_INFOPLIST_FILE = YES;
				MACOSX_DEPLOYMENT_TARGET = 12.1;
				MARKETING_VERSION = 1.0;
				PRODUCT_BUNDLE_IDENTIFIER = "com.nordicsemi.Tests-macOS";
				PRODUCT_NAME = "$(TARGET_NAME)";
				SDKROOT = macosx;
				SWIFT_EMIT_LOC_STRINGS = NO;
				SWIFT_VERSION = 5.0;
				TEST_TARGET_NAME = "nRF-Wi-Fi-Provisioner (macOS)";
			};
			name = Debug;
		};
		01481ACD2852093000925FAB /* Release */ = {
			isa = XCBuildConfiguration;
			buildSettings = {
				ALWAYS_EMBED_SWIFT_STANDARD_LIBRARIES = YES;
				CODE_SIGN_STYLE = Automatic;
				CURRENT_PROJECT_VERSION = 1;
				DEVELOPMENT_TEAM = P3R8YQEV4L;
				GENERATE_INFOPLIST_FILE = YES;
				MACOSX_DEPLOYMENT_TARGET = 12.1;
				MARKETING_VERSION = 1.0;
				PRODUCT_BUNDLE_IDENTIFIER = "com.nordicsemi.Tests-macOS";
				PRODUCT_NAME = "$(TARGET_NAME)";
				SDKROOT = macosx;
				SWIFT_EMIT_LOC_STRINGS = NO;
				SWIFT_VERSION = 5.0;
				TEST_TARGET_NAME = "nRF-Wi-Fi-Provisioner (macOS)";
			};
			name = Release;
		};
/* End XCBuildConfiguration section */

/* Begin XCConfigurationList section */
		01481A902852092F00925FAB /* Build configuration list for PBXProject "nRF-Wi-Fi-Provisioner" */ = {
			isa = XCConfigurationList;
			buildConfigurations = (
				01481AC02852093000925FAB /* Debug */,
				01481AC12852093000925FAB /* Release */,
			);
			defaultConfigurationIsVisible = 0;
			defaultConfigurationName = Release;
		};
		01481AC22852093000925FAB /* Build configuration list for PBXNativeTarget "nRF-Wi-Fi-Provisioner (iOS)" */ = {
			isa = XCConfigurationList;
			buildConfigurations = (
				01481AC32852093000925FAB /* Debug */,
				01481AC42852093000925FAB /* Release */,
			);
			defaultConfigurationIsVisible = 0;
			defaultConfigurationName = Release;
		};
		01481AC52852093000925FAB /* Build configuration list for PBXNativeTarget "nRF-Wi-Fi-Provisioner (macOS)" */ = {
			isa = XCConfigurationList;
			buildConfigurations = (
				01481AC62852093000925FAB /* Debug */,
				01481AC72852093000925FAB /* Release */,
			);
			defaultConfigurationIsVisible = 0;
			defaultConfigurationName = Release;
		};
		01481AC82852093000925FAB /* Build configuration list for PBXNativeTarget "Tests iOS" */ = {
			isa = XCConfigurationList;
			buildConfigurations = (
				01481AC92852093000925FAB /* Debug */,
				01481ACA2852093000925FAB /* Release */,
			);
			defaultConfigurationIsVisible = 0;
			defaultConfigurationName = Release;
		};
		01481ACB2852093000925FAB /* Build configuration list for PBXNativeTarget "Tests macOS" */ = {
			isa = XCConfigurationList;
			buildConfigurations = (
				01481ACC2852093000925FAB /* Debug */,
				01481ACD2852093000925FAB /* Release */,
			);
			defaultConfigurationIsVisible = 0;
			defaultConfigurationName = Release;
		};
/* End XCConfigurationList section */
	};
	rootObject = 01481A8D2852092F00925FAB /* Project object */;
}
