{
  "originHash" : "8613aa7fbfcd2cbac3792f17bf591698d3419feda089cc20aac29ede964307f6",
  "pins" : [
    {
      "identity" : "ios-common-libraries",
      "kind" : "remoteSourceControl",
      "location" : "https://github.com/NordicPlayground/IOS-Common-Libraries",
      "state" : {
        "branch" : "main",
        "revision" : "3028157dfd64c09b1bd96d07eeffb5e1756b0487"
      }
    },
    {
      "identity" : "swift-cmark",
      "kind" : "remoteSourceControl",
      "location" : "https://github.com/apple/swift-cmark.git",
      "state" : {
        "branch" : "gfm",
        "revision" : "2c47322cb32cbed555f13bf5cbfaa488cc30a785"
      }
    },
    {
      "identity" : "swift-markdown",
      "kind" : "remoteSourceControl",
      "location" : "https://github.com/apple/swift-markdown.git",
      "state" : {
        "branch" : "main",
        "revision" : "365bf2d61d5fbca5cbd3b359b203ef6a69d9381f"
      }
    }
  ],
  "version" : 3
}
