{
  "pins" : [
    {
      "identity" : "asyncbluetooth",
      "kind" : "remoteSourceControl",
      "location" : "https://github.com/manolofdez/AsyncBluetooth.git",
      "state" : {
        "revision" : "e9917155e933da8910014bac35e520d35fa0a26a",
        "version" : "1.2.0"
      }
    },
    {
      "identity" : "swift-cmark",
      "kind" : "remoteSourceControl",
      "location" : "https://github.com/apple/swift-cmark.git",
      "state" : {
        "branch" : "gfm",
        "revision" : "476f7b4fcf12eba381b4aaed8987006fd8fcec9c"
      }
    },
    {
      "identity" : "swift-markdown",
      "kind" : "remoteSourceControl",
      "location" : "https://github.com/apple/swift-markdown.git",
      "state" : {
        "branch" : "main",
        "revision" : "52563fc74a540b29854fde20e836b27394be2749"
      }
    }
  ],
  "version" : 2
}
