<?xml version="1.0" encoding="UTF-8"?>
<Scheme
   version = "1.3">
   <BuildAction>
      <BuildActionEntries>
         <BuildActionEntry
            buildForRunning = "YES">
            <BuildableReference
               BuildableIdentifier = "primary"
               BlueprintIdentifier = "01481A982852093000925FAB"
               BuildableName = "nRF-Wi-Fi-Provisioner.app"
               BlueprintName = "nRF-Wi-Fi-Provisioner (iOS)"
               ReferencedContainer = "container:nRF-Wi-Fi-Provisioner.xcodeproj">
            </BuildableReference>
         </BuildActionEntry>
      </BuildActionEntries>
   </BuildAction>
   <LaunchAction
      useCustomWorkingDirectory = "NO"
      buildConfiguration = "Debug"
      allowLocationSimulation = "YES">
      <BuildableProductRunnable>
         <BuildableReference
            BuildableIdentifier = "primary"
            BlueprintIdentifier = "01481A982852093000925FAB"
            BuildableName = "nRF-Wi-Fi-Provisioner.app"
            BlueprintName = "nRF-Wi-Fi-Provisioner (iOS)"
            ReferencedContainer = "container:nRF-Wi-Fi-Provisioner.xcodeproj">
         </BuildableReference>
      </BuildableProductRunnable>
   </LaunchAction>
</Scheme>
